
Microsoft Visual Studio Solution File, Format Version 12.00
# Visual Studio 15
VisualStudioVersion = 15.0.26430.16
MinimumVisualStudioVersion = 10.0.40219.1
Project("{8BC9CEB8-8B4A-11D0-8D11-00A0C91BC942}") = "IMGF", "..\..\Projects\IMGF\IMGF.vcxproj", "{8685C4C3-46F7-439E-A520-9A3210A8C643}"
	ProjectSection(ProjectDependencies) = postProject
		{2E718368-98DC-461D-A539-1A0B49751E38} = {2E718368-98DC-461D-A539-1A0B49751E38}
		{A79785A9-ED86-4F96-8158-C0F79ACCB843} = {A79785A9-ED86-4F96-8158-C0F79ACCB843}
		{1ED5D0AD-4FA6-433C-890D-B1E495DEF417} = {1ED5D0AD-4FA6-433C-890D-B1E495DEF417}
	EndProjectSection
EndProject
Project("{8BC9CEB8-8B4A-11D0-8D11-00A0C91BC942}") = "BXGX", "..\..\..\..\BXGX\Compiler\Projects\BXGX\BXGX.vcxproj", "{2E718368-98DC-461D-A539-1A0B49751E38}"
	ProjectSection(ProjectDependencies) = postProject
		{A79785A9-ED86-4F96-8158-C0F79ACCB843} = {A79785A9-ED86-4F96-8158-C0F79ACCB843}
	EndProjectSection
EndProject
Project("{8BC9CEB8-8B4A-11D0-8D11-00A0C91BC942}") = "BXCF", "..\..\..\..\BXCF\Compiler\Projects\BXCF\BXCF.vcxproj", "{A79785A9-ED86-4F96-8158-C0F79ACCB843}"
EndProject
Project("{8BC9CEB8-8B4A-11D0-8D11-00A0C91BC942}") = "BXGI", "..\..\..\..\BXGI\Compiler\Projects\BXGI\BXGI.vcxproj", "{1ED5D0AD-4FA6-433C-890D-B1E495DEF417}"
	ProjectSection(ProjectDependencies) = postProject
		{A79785A9-ED86-4F96-8158-C0F79ACCB843} = {A79785A9-ED86-4F96-8158-C0F79ACCB843}
	EndProjectSection
EndProject
Global
	GlobalSection(SolutionConfigurationPlatforms) = preSolution
		Debug|Win32 = Debug|Win32
		Debug|x64 = Debug|x64
		Release|Win32 = Release|Win32
		Release|x64 = Release|x64
	EndGlobalSection
	GlobalSection(ProjectConfigurationPlatforms) = postSolution
		{8685C4C3-46F7-439E-A520-9A3210A8C643}.Debug|Win32.ActiveCfg = Debug|Win32
		{8685C4C3-46F7-439E-A520-9A3210A8C643}.Debug|Win32.Build.0 = Debug|Win32
		{8685C4C3-46F7-439E-A520-9A3210A8C643}.Debug|x64.ActiveCfg = Debug|Win32
		{8685C4C3-46F7-439E-A520-9A3210A8C643}.Release|Win32.ActiveCfg = Release|Win32
		{8685C4C3-46F7-439E-A520-9A3210A8C643}.Release|Win32.Build.0 = Release|Win32
		{8685C4C3-46F7-439E-A520-9A3210A8C643}.Release|x64.ActiveCfg = Release|Win32
		{2E718368-98DC-461D-A539-1A0B49751E38}.Debug|Win32.ActiveCfg = Debug|Win32
		{2E718368-98DC-461D-A539-1A0B49751E38}.Debug|Win32.Build.0 = Debug|Win32
		{2E718368-98DC-461D-A539-1A0B49751E38}.Debug|x64.ActiveCfg = Debug|x64
		{2E718368-98DC-461D-A539-1A0B49751E38}.Debug|x64.Build.0 = Debug|x64
		{2E718368-98DC-461D-A539-1A0B49751E38}.Release|Win32.ActiveCfg = Release|Win32
		{2E718368-98DC-461D-A539-1A0B49751E38}.Release|Win32.Build.0 = Release|Win32
		{2E718368-98DC-461D-A539-1A0B49751E38}.Release|x64.ActiveCfg = Release|x64
		{2E718368-98DC-461D-A539-1A0B49751E38}.Release|x64.Build.0 = Release|x64
		{A79785A9-ED86-4F96-8158-C0F79ACCB843}.Debug|Win32.ActiveCfg = Debug|Win32
		{A79785A9-ED86-4F96-8158-C0F79ACCB843}.Debug|Win32.Build.0 = Debug|Win32
		{A79785A9-ED86-4F96-8158-C0F79ACCB843}.Debug|x64.ActiveCfg = Debug|x64
		{A79785A9-ED86-4F96-8158-C0F79ACCB843}.Debug|x64.Build.0 = Debug|x64
		{A79785A9-ED86-4F96-8158-C0F79ACCB843}.Release|Win32.ActiveCfg = Release|Win32
		{A79785A9-ED86-4F96-8158-C0F79ACCB843}.Release|Win32.Build.0 = Release|Win32
		{A79785A9-ED86-4F96-8158-C0F79ACCB843}.Release|x64.ActiveCfg = Release|x64
		{A79785A9-ED86-4F96-8158-C0F79ACCB843}.Release|x64.Build.0 = Release|x64
		{1ED5D0AD-4FA6-433C-890D-B1E495DEF417}.Debug|Win32.ActiveCfg = Debug|Win32
		{1ED5D0AD-4FA6-433C-890D-B1E495DEF417}.Debug|Win32.Build.0 = Debug|Win32
		{1ED5D0AD-4FA6-433C-890D-B1E495DEF417}.Debug|x64.ActiveCfg = Debug|x64
		{1ED5D0AD-4FA6-433C-890D-B1E495DEF417}.Debug|x64.Build.0 = Debug|x64
		{1ED5D0AD-4FA6-433C-890D-B1E495DEF417}.Release|Win32.ActiveCfg = Release|Win32
		{1ED5D0AD-4FA6-433C-890D-B1E495DEF417}.Release|Win32.Build.0 = Release|Win32
		{1ED5D0AD-4FA6-433C-890D-B1E495DEF417}.Release|x64.ActiveCfg = Release|x64
		{1ED5D0AD-4FA6-433C-890D-B1E495DEF417}.Release|x64.Build.0 = Release|x64
	EndGlobalSection
	GlobalSection(SolutionProperties) = preSolution
		HideSolutionNode = FALSE
	EndGlobalSection
EndGlobal
