
Microsoft Visual Studio Solution File, Format Version 12.00
# Visual Studio 15
VisualStudioVersion = 15.0.27130.2036
MinimumVisualStudioVersion = 10.0.40219.1
Project("{8BC9CEB8-8B4A-11D0-8D11-00A0C91BC942}") = "IMGF", "..\..\Projects\IMGF\IMGF.vcxproj", "{8685C4C3-46F7-439E-A520-9A3210A8C643}"
	ProjectSection(ProjectDependencies) = postProject
		{2E718368-98DC-461D-A539-1A0B49751E38} = {2E718368-98DC-461D-A539-1A0B49751E38}
		{A79785A9-ED86-4F96-8158-C0F79ACCB843} = {A79785A9-ED86-4F96-8158-C0F79ACCB843}
		{FFC28EA9-BC1A-4D10-B30A-2D45A55542F2} = {FFC28EA9-BC1A-4D10-B30A-2D45A55542F2}
		{1ED5D0AD-4FA6-433C-890D-B1E495DEF417} = {1ED5D0AD-4FA6-433C-890D-B1E495DEF417}
		{6FBD84F0-8530-44AD-A2E6-AFFC9A23EF67} = {6FBD84F0-8530-44AD-A2E6-AFFC9A23EF67}
	EndProjectSection
EndProject
Project("{8BC9CEB8-8B4A-11D0-8D11-00A0C91BC942}") = "BXGX", "..\..\..\..\BXGX\Compiler\Projects\BXGX\BXGX.vcxproj", "{2E718368-98DC-461D-A539-1A0B49751E38}"
	ProjectSection(ProjectDependencies) = postProject
		{0922DA3A-8FD4-4659-911A-25E430097DD0} = {0922DA3A-8FD4-4659-911A-25E430097DD0}
		{A79785A9-ED86-4F96-8158-C0F79ACCB843} = {A79785A9-ED86-4F96-8158-C0F79ACCB843}
	EndProjectSection
EndProject
Project("{8BC9CEB8-8B4A-11D0-8D11-00A0C91BC942}") = "BXCF", "..\..\..\..\BXCF\Compiler\Projects\BXCF\BXCF.vcxproj", "{A79785A9-ED86-4F96-8158-C0F79ACCB843}"
	ProjectSection(ProjectDependencies) = postProject
		{AD807C92-E5E4-4620-BE02-FF4400DAD26F} = {AD807C92-E5E4-4620-BE02-FF4400DAD26F}
	EndProjectSection
EndProject
Project("{8BC9CEB8-8B4A-11D0-8D11-00A0C91BC942}") = "BXGI", "..\..\..\..\BXGI\Compiler\Projects\BXGI\BXGI.vcxproj", "{1ED5D0AD-4FA6-433C-890D-B1E495DEF417}"
	ProjectSection(ProjectDependencies) = postProject
		{A79785A9-ED86-4F96-8158-C0F79ACCB843} = {A79785A9-ED86-4F96-8158-C0F79ACCB843}
	EndProjectSection
EndProject
Project("{2150E333-8FDC-42A3-9474-1A3956D46DE8}") = "Main", "Main", "{48C12AFB-8F12-4FCE-A237-A1564652131B}"
EndProject
Project("{2150E333-8FDC-42A3-9474-1A3956D46DE8}") = "ThirdParty", "ThirdParty", "{69383F43-B9EC-4A7A-AD35-9ECBE9649940}"
EndProject
Project("{2150E333-8FDC-42A3-9474-1A3956D46DE8}") = "Testing", "Testing", "{5C342BE1-9982-470B-AD27-3CD384615A49}"
EndProject
Project("{8BC9CEB8-8B4A-11D0-8D11-00A0C91BC942}") = "BXCF.App", "..\..\..\..\BXCF\Compiler\Projects\BXCF.App\BXCF.App.vcxproj", "{00AAD5D8-71BD-4D18-9161-60761D268530}"
	ProjectSection(ProjectDependencies) = postProject
		{A79785A9-ED86-4F96-8158-C0F79ACCB843} = {A79785A9-ED86-4F96-8158-C0F79ACCB843}
	EndProjectSection
EndProject
Project("{8BC9CEB8-8B4A-11D0-8D11-00A0C91BC942}") = "BXCF.ThirdParty", "..\..\..\..\BXCF\Compiler\Projects\BXCF.ThirdParty\BXCF.ThirdParty.vcxproj", "{AD807C92-E5E4-4620-BE02-FF4400DAD26F}"
EndProject
Project("{8BC9CEB8-8B4A-11D0-8D11-00A0C91BC942}") = "BXGX.App", "..\..\..\..\BXGX\Compiler\Projects\BXGX.App\BXGX.App.vcxproj", "{AC1E3A76-4D4A-489E-96C6-B491D14EB74A}"
	ProjectSection(ProjectDependencies) = postProject
		{2E718368-98DC-461D-A539-1A0B49751E38} = {2E718368-98DC-461D-A539-1A0B49751E38}
	EndProjectSection
EndProject
Project("{8BC9CEB8-8B4A-11D0-8D11-00A0C91BC942}") = "BXGX.ThirdParty", "..\..\..\..\BXGX\Compiler\Projects\BXGX.ThirdParty\BXGX.ThirdParty.vcxproj", "{0922DA3A-8FD4-4659-911A-25E430097DD0}"
EndProject
Project("{8BC9CEB8-8B4A-11D0-8D11-00A0C91BC942}") = "IMGF.ThirdParty", "..\..\Projects\IMGF.ThirdParty\IMGF.ThirdParty.vcxproj", "{FFC28EA9-BC1A-4D10-B30A-2D45A55542F2}"
EndProject
Project("{8BC9CEB8-8B4A-11D0-8D11-00A0C91BC942}") = "IMGF.App", "..\..\Projects\IMGF.App\IMGF.App.vcxproj", "{E328914E-5805-4724-908D-FFFE3DC4EF68}"
	ProjectSection(ProjectDependencies) = postProject
		{8685C4C3-46F7-439E-A520-9A3210A8C643} = {8685C4C3-46F7-439E-A520-9A3210A8C643}
	EndProjectSection
EndProject
Project("{2150E333-8FDC-42A3-9474-1A3956D46DE8}") = "Other", "Other", "{0AE806B2-6E9C-41D6-BBC3-D48487042C0D}"
EndProject
Project("{8BC9CEB8-8B4A-11D0-8D11-00A0C91BC942}") = "IMGF.BuildVersion", "..\..\Projects\IMGF.BuildVersion\IMGF.BuildVersion.vcxproj", "{6FBD84F0-8530-44AD-A2E6-AFFC9A23EF67}"
	ProjectSection(ProjectDependencies) = postProject
		{A79785A9-ED86-4F96-8158-C0F79ACCB843} = {A79785A9-ED86-4F96-8158-C0F79ACCB843}
	EndProjectSection
EndProject
Project("{2150E333-8FDC-42A3-9474-1A3956D46DE8}") = "App", "App", "{344E179A-1E47-4838-A148-D9B5FAE364AB}"
EndProject
Project("{8BC9CEB8-8B4A-11D0-8D11-00A0C91BC942}") = "IMGF.Installer", "..\..\Projects\IMGF.Installer\IMGF.Installer.vcxproj", "{9DFD93D3-0EA4-43CF-A614-3141D670E539}"
	ProjectSection(ProjectDependencies) = postProject
		{8685C4C3-46F7-439E-A520-9A3210A8C643} = {8685C4C3-46F7-439E-A520-9A3210A8C643}
	EndProjectSection
EndProject
Global
	GlobalSection(SolutionConfigurationPlatforms) = preSolution
		Debug|Win32 = Debug|Win32
		Debug|x64 = Debug|x64
		Release|Win32 = Release|Win32
		Release|x64 = Release|x64
	EndGlobalSection
	GlobalSection(ProjectConfigurationPlatforms) = postSolution
		{8685C4C3-46F7-439E-A520-9A3210A8C643}.Debug|Win32.ActiveCfg = Debug|Win32
		{8685C4C3-46F7-439E-A520-9A3210A8C643}.Debug|Win32.Build.0 = Debug|Win32
		{8685C4C3-46F7-439E-A520-9A3210A8C643}.Debug|x64.ActiveCfg = Debug|Win32
		{8685C4C3-46F7-439E-A520-9A3210A8C643}.Release|Win32.ActiveCfg = Release|Win32
		{8685C4C3-46F7-439E-A520-9A3210A8C643}.Release|Win32.Build.0 = Release|Win32
		{8685C4C3-46F7-439E-A520-9A3210A8C643}.Release|x64.ActiveCfg = Release|Win32
		{2E718368-98DC-461D-A539-1A0B49751E38}.Debug|Win32.ActiveCfg = Debug|Win32
		{2E718368-98DC-461D-A539-1A0B49751E38}.Debug|Win32.Build.0 = Debug|Win32
		{2E718368-98DC-461D-A539-1A0B49751E38}.Debug|x64.ActiveCfg = Debug|x64
		{2E718368-98DC-461D-A539-1A0B49751E38}.Debug|x64.Build.0 = Debug|x64
		{2E718368-98DC-461D-A539-1A0B49751E38}.Release|Win32.ActiveCfg = Release|Win32
		{2E718368-98DC-461D-A539-1A0B49751E38}.Release|Win32.Build.0 = Release|Win32
		{2E718368-98DC-461D-A539-1A0B49751E38}.Release|x64.ActiveCfg = Release|x64
		{2E718368-98DC-461D-A539-1A0B49751E38}.Release|x64.Build.0 = Release|x64
		{A79785A9-ED86-4F96-8158-C0F79ACCB843}.Debug|Win32.ActiveCfg = Debug|Win32
		{A79785A9-ED86-4F96-8158-C0F79ACCB843}.Debug|Win32.Build.0 = Debug|Win32
		{A79785A9-ED86-4F96-8158-C0F79ACCB843}.Debug|x64.ActiveCfg = Debug|x64
		{A79785A9-ED86-4F96-8158-C0F79ACCB843}.Debug|x64.Build.0 = Debug|x64
		{A79785A9-ED86-4F96-8158-C0F79ACCB843}.Release|Win32.ActiveCfg = Release|Win32
		{A79785A9-ED86-4F96-8158-C0F79ACCB843}.Release|Win32.Build.0 = Release|Win32
		{A79785A9-ED86-4F96-8158-C0F79ACCB843}.Release|x64.ActiveCfg = Release|x64
		{A79785A9-ED86-4F96-8158-C0F79ACCB843}.Release|x64.Build.0 = Release|x64
		{1ED5D0AD-4FA6-433C-890D-B1E495DEF417}.Debug|Win32.ActiveCfg = Debug|Win32
		{1ED5D0AD-4FA6-433C-890D-B1E495DEF417}.Debug|Win32.Build.0 = Debug|Win32
		{1ED5D0AD-4FA6-433C-890D-B1E495DEF417}.Debug|x64.ActiveCfg = Debug|x64
		{1ED5D0AD-4FA6-433C-890D-B1E495DEF417}.Debug|x64.Build.0 = Debug|x64
		{1ED5D0AD-4FA6-433C-890D-B1E495DEF417}.Release|Win32.ActiveCfg = Release|Win32
		{1ED5D0AD-4FA6-433C-890D-B1E495DEF417}.Release|Win32.Build.0 = Release|Win32
		{1ED5D0AD-4FA6-433C-890D-B1E495DEF417}.Release|x64.ActiveCfg = Release|x64
		{1ED5D0AD-4FA6-433C-890D-B1E495DEF417}.Release|x64.Build.0 = Release|x64
		{00AAD5D8-71BD-4D18-9161-60761D268530}.Debug|Win32.ActiveCfg = Debug|Win32
		{00AAD5D8-71BD-4D18-9161-60761D268530}.Debug|Win32.Build.0 = Debug|Win32
		{00AAD5D8-71BD-4D18-9161-60761D268530}.Debug|x64.ActiveCfg = Debug|x64
		{00AAD5D8-71BD-4D18-9161-60761D268530}.Debug|x64.Build.0 = Debug|x64
		{00AAD5D8-71BD-4D18-9161-60761D268530}.Release|Win32.ActiveCfg = Release|Win32
		{00AAD5D8-71BD-4D18-9161-60761D268530}.Release|Win32.Build.0 = Release|Win32
		{00AAD5D8-71BD-4D18-9161-60761D268530}.Release|x64.ActiveCfg = Release|x64
		{00AAD5D8-71BD-4D18-9161-60761D268530}.Release|x64.Build.0 = Release|x64
		{AD807C92-E5E4-4620-BE02-FF4400DAD26F}.Debug|Win32.ActiveCfg = Debug|Win32
		{AD807C92-E5E4-4620-BE02-FF4400DAD26F}.Debug|Win32.Build.0 = Debug|Win32
		{AD807C92-E5E4-4620-BE02-FF4400DAD26F}.Debug|x64.ActiveCfg = Debug|x64
		{AD807C92-E5E4-4620-BE02-FF4400DAD26F}.Debug|x64.Build.0 = Debug|x64
		{AD807C92-E5E4-4620-BE02-FF4400DAD26F}.Release|Win32.ActiveCfg = Release|Win32
		{AD807C92-E5E4-4620-BE02-FF4400DAD26F}.Release|Win32.Build.0 = Release|Win32
		{AD807C92-E5E4-4620-BE02-FF4400DAD26F}.Release|x64.ActiveCfg = Release|x64
		{AD807C92-E5E4-4620-BE02-FF4400DAD26F}.Release|x64.Build.0 = Release|x64
		{AC1E3A76-4D4A-489E-96C6-B491D14EB74A}.Debug|Win32.ActiveCfg = Debug|Win32
		{AC1E3A76-4D4A-489E-96C6-B491D14EB74A}.Debug|Win32.Build.0 = Debug|Win32
		{AC1E3A76-4D4A-489E-96C6-B491D14EB74A}.Debug|x64.ActiveCfg = Debug|x64
		{AC1E3A76-4D4A-489E-96C6-B491D14EB74A}.Debug|x64.Build.0 = Debug|x64
		{AC1E3A76-4D4A-489E-96C6-B491D14EB74A}.Release|Win32.ActiveCfg = Release|Win32
		{AC1E3A76-4D4A-489E-96C6-B491D14EB74A}.Release|Win32.Build.0 = Release|Win32
		{AC1E3A76-4D4A-489E-96C6-B491D14EB74A}.Release|x64.ActiveCfg = Release|x64
		{AC1E3A76-4D4A-489E-96C6-B491D14EB74A}.Release|x64.Build.0 = Release|x64
		{0922DA3A-8FD4-4659-911A-25E430097DD0}.Debug|Win32.ActiveCfg = Debug|Win32
		{0922DA3A-8FD4-4659-911A-25E430097DD0}.Debug|Win32.Build.0 = Debug|Win32
		{0922DA3A-8FD4-4659-911A-25E430097DD0}.Debug|x64.ActiveCfg = Debug|x64
		{0922DA3A-8FD4-4659-911A-25E430097DD0}.Debug|x64.Build.0 = Debug|x64
		{0922DA3A-8FD4-4659-911A-25E430097DD0}.Release|Win32.ActiveCfg = Release|Win32
		{0922DA3A-8FD4-4659-911A-25E430097DD0}.Release|Win32.Build.0 = Release|Win32
		{0922DA3A-8FD4-4659-911A-25E430097DD0}.Release|x64.ActiveCfg = Release|x64
		{0922DA3A-8FD4-4659-911A-25E430097DD0}.Release|x64.Build.0 = Release|x64
		{FFC28EA9-BC1A-4D10-B30A-2D45A55542F2}.Debug|Win32.ActiveCfg = Debug|Win32
		{FFC28EA9-BC1A-4D10-B30A-2D45A55542F2}.Debug|Win32.Build.0 = Debug|Win32
		{FFC28EA9-BC1A-4D10-B30A-2D45A55542F2}.Debug|x64.ActiveCfg = Debug|x64
		{FFC28EA9-BC1A-4D10-B30A-2D45A55542F2}.Debug|x64.Build.0 = Debug|x64
		{FFC28EA9-BC1A-4D10-B30A-2D45A55542F2}.Release|Win32.ActiveCfg = Release|Win32
		{FFC28EA9-BC1A-4D10-B30A-2D45A55542F2}.Release|Win32.Build.0 = Release|Win32
		{FFC28EA9-BC1A-4D10-B30A-2D45A55542F2}.Release|x64.ActiveCfg = Release|x64
		{FFC28EA9-BC1A-4D10-B30A-2D45A55542F2}.Release|x64.Build.0 = Release|x64
		{E328914E-5805-4724-908D-FFFE3DC4EF68}.Debug|Win32.ActiveCfg = Debug|Win32
		{E328914E-5805-4724-908D-FFFE3DC4EF68}.Debug|Win32.Build.0 = Debug|Win32
		{E328914E-5805-4724-908D-FFFE3DC4EF68}.Debug|x64.ActiveCfg = Debug|x64
		{E328914E-5805-4724-908D-FFFE3DC4EF68}.Debug|x64.Build.0 = Debug|x64
		{E328914E-5805-4724-908D-FFFE3DC4EF68}.Release|Win32.ActiveCfg = Release|Win32
		{E328914E-5805-4724-908D-FFFE3DC4EF68}.Release|Win32.Build.0 = Release|Win32
		{E328914E-5805-4724-908D-FFFE3DC4EF68}.Release|x64.ActiveCfg = Release|x64
		{E328914E-5805-4724-908D-FFFE3DC4EF68}.Release|x64.Build.0 = Release|x64
		{6FBD84F0-8530-44AD-A2E6-AFFC9A23EF67}.Debug|Win32.ActiveCfg = Debug|Win32
		{6FBD84F0-8530-44AD-A2E6-AFFC9A23EF67}.Debug|Win32.Build.0 = Debug|Win32
		{6FBD84F0-8530-44AD-A2E6-AFFC9A23EF67}.Debug|x64.ActiveCfg = Debug|Win32
		{6FBD84F0-8530-44AD-A2E6-AFFC9A23EF67}.Release|Win32.ActiveCfg = Release|Win32
		{6FBD84F0-8530-44AD-A2E6-AFFC9A23EF67}.Release|Win32.Build.0 = Release|Win32
		{6FBD84F0-8530-44AD-A2E6-AFFC9A23EF67}.Release|x64.ActiveCfg = Release|Win32
		{9DFD93D3-0EA4-43CF-A614-3141D670E539}.Debug|Win32.ActiveCfg = Debug|Win32
		{9DFD93D3-0EA4-43CF-A614-3141D670E539}.Debug|Win32.Build.0 = Debug|Win32
		{9DFD93D3-0EA4-43CF-A614-3141D670E539}.Debug|x64.ActiveCfg = Debug|x64
		{9DFD93D3-0EA4-43CF-A614-3141D670E539}.Debug|x64.Build.0 = Debug|x64
		{9DFD93D3-0EA4-43CF-A614-3141D670E539}.Release|Win32.ActiveCfg = Release|Win32
		{9DFD93D3-0EA4-43CF-A614-3141D670E539}.Release|Win32.Build.0 = Release|Win32
		{9DFD93D3-0EA4-43CF-A614-3141D670E539}.Release|x64.ActiveCfg = Release|x64
		{9DFD93D3-0EA4-43CF-A614-3141D670E539}.Release|x64.Build.0 = Release|x64
	EndGlobalSection
	GlobalSection(SolutionProperties) = preSolution
		HideSolutionNode = FALSE
	EndGlobalSection
	GlobalSection(NestedProjects) = preSolution
		{8685C4C3-46F7-439E-A520-9A3210A8C643} = {344E179A-1E47-4838-A148-D9B5FAE364AB}
		{2E718368-98DC-461D-A539-1A0B49751E38} = {48C12AFB-8F12-4FCE-A237-A1564652131B}
		{A79785A9-ED86-4F96-8158-C0F79ACCB843} = {48C12AFB-8F12-4FCE-A237-A1564652131B}
		{1ED5D0AD-4FA6-433C-890D-B1E495DEF417} = {48C12AFB-8F12-4FCE-A237-A1564652131B}
		{00AAD5D8-71BD-4D18-9161-60761D268530} = {5C342BE1-9982-470B-AD27-3CD384615A49}
		{AD807C92-E5E4-4620-BE02-FF4400DAD26F} = {69383F43-B9EC-4A7A-AD35-9ECBE9649940}
		{AC1E3A76-4D4A-489E-96C6-B491D14EB74A} = {5C342BE1-9982-470B-AD27-3CD384615A49}
		{0922DA3A-8FD4-4659-911A-25E430097DD0} = {69383F43-B9EC-4A7A-AD35-9ECBE9649940}
		{FFC28EA9-BC1A-4D10-B30A-2D45A55542F2} = {69383F43-B9EC-4A7A-AD35-9ECBE9649940}
		{E328914E-5805-4724-908D-FFFE3DC4EF68} = {5C342BE1-9982-470B-AD27-3CD384615A49}
		{6FBD84F0-8530-44AD-A2E6-AFFC9A23EF67} = {0AE806B2-6E9C-41D6-BBC3-D48487042C0D}
		{9DFD93D3-0EA4-43CF-A614-3141D670E539} = {0AE806B2-6E9C-41D6-BBC3-D48487042C0D}
	EndGlobalSection
	GlobalSection(ExtensibilityGlobals) = postSolution
		SolutionGuid = {E3565924-6D9F-46A1-843E-92E8130DDD6D}
	EndGlobalSection
EndGlobal
