<?xml version="1.0" encoding="utf-8"?>
<Project ToolsVersion="4.0" xmlns="http://schemas.microsoft.com/developer/msbuild/2003">
  <ItemGroup>
    <Filter Include="Source Files">
      <UniqueIdentifier>{4FC737F1-C7A5-4376-A066-2A32D752A2FF}</UniqueIdentifier>
      <Extensions>cpp;c;cc;cxx;def;odl;idl;hpj;bat;asm;asmx</Extensions>
    </Filter>
    <Filter Include="Header Files">
      <UniqueIdentifier>{93995380-89BD-4b04-88EB-625FBE52EBFB}</UniqueIdentifier>
      <Extensions>h;hh;hpp;hxx;hm;inl;inc;xsd</Extensions>
    </Filter>
    <Filter Include="Resource Files">
      <UniqueIdentifier>{67DA6AB6-F800-4c08-8B7A-83BB121AAD01}</UniqueIdentifier>
      <Extensions>rc;ico;cur;bmp;dlg;rc2;rct;bin;rgs;gif;jpg;jpeg;jpe;resx;tiff;tif;png;wav;mfcribbon-ms</Extensions>
    </Filter>
    <Filter Include="Source Files\Language">
      <UniqueIdentifier>{a9118a4d-ad5e-44a6-bda7-62616d8db766}</UniqueIdentifier>
    </Filter>
    <Filter Include="Header Files\Language">
      <UniqueIdentifier>{f2126496-1edc-40ef-bfee-8a1d2d90d936}</UniqueIdentifier>
    </Filter>
    <Filter Include="Source Files\Task">
      <UniqueIdentifier>{de2e17cc-117f-4264-abcc-10930003e944}</UniqueIdentifier>
    </Filter>
    <Filter Include="Header Files\Task">
      <UniqueIdentifier>{befc1e00-668e-48a0-8882-4c1d1ea436fe}</UniqueIdentifier>
    </Filter>
    <Filter Include="Header Files\GUI">
      <UniqueIdentifier>{a997370a-be7d-4701-bde1-31b10bf89c3e}</UniqueIdentifier>
    </Filter>
    <Filter Include="Source Files\GUI">
      <UniqueIdentifier>{b95746be-11d6-4425-9d78-5daa239d480f}</UniqueIdentifier>
    </Filter>
    <Filter Include="Header Files\GUI\Window">
      <UniqueIdentifier>{db9b4fde-afc3-4df3-9415-30e06c8e7ee7}</UniqueIdentifier>
    </Filter>
    <Filter Include="Source Files\GUI\Window">
      <UniqueIdentifier>{5ecce35a-62a1-4dcb-aafd-d4d5b1985640}</UniqueIdentifier>
    </Filter>
    <Filter Include="Header Files\GUI\Editor">
      <UniqueIdentifier>{dd3a4478-6f26-404a-bbcc-6df302d7dd8e}</UniqueIdentifier>
    </Filter>
    <Filter Include="Source Files\GUI\Editor">
      <UniqueIdentifier>{0bff4621-726e-4d35-87e5-e9c4516e5ce1}</UniqueIdentifier>
    </Filter>
    <Filter Include="Header Files\TEMP_LOCATION_ThirdParty">
      <UniqueIdentifier>{3c7e561f-e7be-469c-a7b3-5ebba43224cd}</UniqueIdentifier>
    </Filter>
    <Filter Include="Source Files\TEMP_LOCATION_ThirdParty">
      <UniqueIdentifier>{b8521480-686a-4daf-9d4a-a7682c1fbb10}</UniqueIdentifier>
    </Filter>
    <Filter Include="Header Files\TEMP_LOCATION_ThirdParty\Bitmap">
      <UniqueIdentifier>{50f26c1c-f907-424e-8f65-389d2d7bf452}</UniqueIdentifier>
    </Filter>
    <Filter Include="Source Files\TEMP_LOCATION_ThirdParty\Bitmap">
      <UniqueIdentifier>{193c374c-d3a6-43c9-bcad-83ac3e5a7cbc}</UniqueIdentifier>
    </Filter>
    <Filter Include="Source Files\TEMP_LOCATION_ThirdParty\GLEW">
      <UniqueIdentifier>{b0827121-b351-4d5a-9889-52ea80a97d12}</UniqueIdentifier>
    </Filter>
    <Filter Include="Source Files\TEMP_LOCATION_ThirdParty\GLEW\GL">
      <UniqueIdentifier>{777fc94b-40ed-4644-834f-b76362431177}</UniqueIdentifier>
    </Filter>
    <Filter Include="Header Files\TEMP_LOCATION_ThirdParty\GLEW">
      <UniqueIdentifier>{4030da0b-4ecb-4e7a-ab2a-3360820b1a7d}</UniqueIdentifier>
    </Filter>
    <Filter Include="Header Files\TEMP_LOCATION_ThirdParty\GLEW\GL">
      <UniqueIdentifier>{efc40ba3-5b7d-4457-a5e6-5c906edb5205}</UniqueIdentifier>
    </Filter>
    <Filter Include="Source Files\TEMP_LOCATION_ThirdParty\GLFW">
      <UniqueIdentifier>{6552afdb-30d6-4f23-9569-cae32241099d}</UniqueIdentifier>
    </Filter>
    <Filter Include="Header Files\TEMP_LOCATION_ThirdParty\GLFW">
      <UniqueIdentifier>{267b2bef-2cb5-48a3-a0fb-1fceb741c453}</UniqueIdentifier>
    </Filter>
    <Filter Include="Header Files\TEMP_LOCATION_ThirdParty\GLFW\include">
      <UniqueIdentifier>{2f679e2b-40fd-41c4-9409-253ddd15d2a4}</UniqueIdentifier>
    </Filter>
    <Filter Include="Header Files\TEMP_LOCATION_ThirdParty\GLFW\include\GLFW">
      <UniqueIdentifier>{0e4e3de7-29b4-4628-9554-e09709d5dd41}</UniqueIdentifier>
    </Filter>
    <Filter Include="Header Files\TEMP_LOCATION_ThirdParty\GLFW\deps">
      <UniqueIdentifier>{460dfe55-805f-4bdc-a52e-f5bb463a3f98}</UniqueIdentifier>
    </Filter>
    <Filter Include="Header Files\TEMP_LOCATION_ThirdParty\GLFW\deps\GL">
      <UniqueIdentifier>{866da323-8a39-4ea1-b05a-908615a5d363}</UniqueIdentifier>
    </Filter>
    <Filter Include="Header Files\TEMP_LOCATION_ThirdParty\GLUT">
      <UniqueIdentifier>{2e4027c5-b5ce-4a82-8cd5-954916bc5896}</UniqueIdentifier>
    </Filter>
    <Filter Include="Source Files\TEMP_LOCATION_ThirdParty\GLUT">
      <UniqueIdentifier>{c55307d2-f13a-4539-bd5d-14b806f8bd60}</UniqueIdentifier>
    </Filter>
    <Filter Include="Header Files\TEMP_LOCATION_ThirdParty\GLM">
      <UniqueIdentifier>{598862f4-17af-4557-872d-16dd94a2041b}</UniqueIdentifier>
    </Filter>
    <Filter Include="Source Files\TEMP_LOCATION_ThirdParty\GLM">
      <UniqueIdentifier>{648967b5-f78e-4de8-8c0d-174083e5b627}</UniqueIdentifier>
    </Filter>
    <Filter Include="Header Files\TEMP_LOCATION_ThirdParty\GLM\gtc">
      <UniqueIdentifier>{72dbcc8e-74b5-4921-94db-c07bdca2aa6f}</UniqueIdentifier>
    </Filter>
    <Filter Include="Header Files\TEMP_LOCATION_ThirdParty\GLM\gtx">
      <UniqueIdentifier>{496903e3-aa4a-472b-a601-6c4e6625dc7a}</UniqueIdentifier>
    </Filter>
    <Filter Include="Header Files\TEMP_LOCATION_ThirdParty\GLM\detail">
      <UniqueIdentifier>{c0f0ad9e-82e9-49dc-aeed-e8aa02c6654f}</UniqueIdentifier>
    </Filter>
    <Filter Include="Source Files\TEMP_LOCATION_ThirdParty\GLM\detail">
      <UniqueIdentifier>{5967f3f9-f167-4b6b-b3ac-e0fcf85f767c}</UniqueIdentifier>
    </Filter>
    <Filter Include="Header Files\TEMP_LOCATION_ThirdParty\Freetype-GL">
      <UniqueIdentifier>{0fabf858-d2de-4d8c-9152-1cc56b30378c}</UniqueIdentifier>
    </Filter>
    <Filter Include="Source Files\TEMP_LOCATION_ThirdParty\Freetype-GL">
      <UniqueIdentifier>{8b3747f2-bc5c-4d72-9e4e-3e83d3fc5bd9}</UniqueIdentifier>
    </Filter>
    <Filter Include="Header Files\DragDrop">
      <UniqueIdentifier>{2da4e01f-81cb-430d-a66d-e772befc50a9}</UniqueIdentifier>
    </Filter>
    <Filter Include="Header Files\EntryViewer">
      <UniqueIdentifier>{b5d46eb4-4ad1-4395-83e9-ee576e8f2bf6}</UniqueIdentifier>
    </Filter>
    <Filter Include="Header Files\Format">
      <UniqueIdentifier>{be344ecf-bbe9-42e8-8f93-338d1c58b864}</UniqueIdentifier>
    </Filter>
    <Filter Include="Header Files\Format\DB">
      <UniqueIdentifier>{dd01c5c2-63db-4ff8-b764-1ff406b80e11}</UniqueIdentifier>
    </Filter>
    <Filter Include="Header Files\Format\LST">
      <UniqueIdentifier>{dc991616-56e1-4a2c-b70f-dcb94205632a}</UniqueIdentifier>
    </Filter>
    <Filter Include="Source Files\DragDrop">
      <UniqueIdentifier>{7dc71615-13dd-48f2-bc40-068150e921f2}</UniqueIdentifier>
    </Filter>
    <Filter Include="Source Files\EntryViewer">
      <UniqueIdentifier>{6cca3ddf-485b-4335-9f9e-28aa3f791c10}</UniqueIdentifier>
    </Filter>
    <Filter Include="Source Files\Format">
      <UniqueIdentifier>{b11c09cf-842e-4f91-b33d-3249313a2f74}</UniqueIdentifier>
    </Filter>
    <Filter Include="Source Files\Format\DB">
      <UniqueIdentifier>{46180b95-ab84-486b-9c23-9b7fd3088776}</UniqueIdentifier>
    </Filter>
    <Filter Include="Source Files\Format\LST">
      <UniqueIdentifier>{4b4c91de-4010-415e-81ec-1a3171e0800e}</UniqueIdentifier>
    </Filter>
    <Filter Include="Source Files\Settings">
      <UniqueIdentifier>{19319d26-7cab-4a6f-a92c-9c8e99bac28d}</UniqueIdentifier>
    </Filter>
    <Filter Include="Header Files\Settings">
      <UniqueIdentifier>{46637ec4-55df-4816-a42d-4d9941fe82f2}</UniqueIdentifier>
    </Filter>
    <Filter Include="Source Files\Updater">
      <UniqueIdentifier>{f523ed23-3a91-4ae9-a6a1-f6364a501146}</UniqueIdentifier>
    </Filter>
    <Filter Include="Header Files\Updater">
      <UniqueIdentifier>{95b2575e-7be2-40fb-91af-dd87b2413458}</UniqueIdentifier>
    </Filter>
    <Filter Include="Header Files\Program">
      <UniqueIdentifier>{ab68d552-0099-4058-9d8f-0d6a74a45d31}</UniqueIdentifier>
    </Filter>
    <Filter Include="Source Files\Program">
      <UniqueIdentifier>{ff67ada2-70a4-4e75-bfbe-1a47ebd98825}</UniqueIdentifier>
    </Filter>
    <Filter Include="Header Files\GUI\Layer">
      <UniqueIdentifier>{60b5e6bc-080d-4563-a54b-857dd208bf8d}</UniqueIdentifier>
    </Filter>
    <Filter Include="Source Files\GUI\Layer">
      <UniqueIdentifier>{956838c3-dd9c-4514-bf1a-5c55554d0a06}</UniqueIdentifier>
    </Filter>
    <Filter Include="Source Files\GUI\Input">
      <UniqueIdentifier>{61a3e08f-4936-4af3-8632-053cf1d4d7a1}</UniqueIdentifier>
    </Filter>
    <Filter Include="Header Files\GUI\Input">
      <UniqueIdentifier>{a8c25a8d-52ee-4996-be46-b0df79e64209}</UniqueIdentifier>
    </Filter>
    <Filter Include="Header Files\Event">
      <UniqueIdentifier>{942abee8-046b-4cf8-a38d-d8018bd80c9b}</UniqueIdentifier>
    </Filter>
    <Filter Include="Source Files\Event">
      <UniqueIdentifier>{aac00dca-4d82-42ce-b306-a3e6dd8ce5ae}</UniqueIdentifier>
    </Filter>
    <Filter Include="Header Files\Static">
      <UniqueIdentifier>{c3eb73c2-9385-4b47-bf07-26be30155925}</UniqueIdentifier>
    </Filter>
    <Filter Include="Source Files\Static">
      <UniqueIdentifier>{cd257009-e6d1-4491-b9e2-513417f33b65}</UniqueIdentifier>
    </Filter>
    <Filter Include="Header Files\Task\Tasks">
      <UniqueIdentifier>{99c715cc-064b-48b2-a226-24145895d91a}</UniqueIdentifier>
    </Filter>
    <Filter Include="Header Files\Task\Tasks\Renamer">
      <UniqueIdentifier>{06b42a44-c4fe-45e5-9d42-75bab9b326d5}</UniqueIdentifier>
    </Filter>
    <Filter Include="Header Files\Task\Tasks\Find">
      <UniqueIdentifier>{c33c94a2-1e11-4cd9-92cd-675a3a85d538}</UniqueIdentifier>
    </Filter>
    <Filter Include="Header Files\Task\Tasks\Dump">
      <UniqueIdentifier>{21293ff8-29e8-4198-97c7-6caff15e41f0}</UniqueIdentifier>
    </Filter>
    <Filter Include="Header Files\Task\Tasks\LST">
      <UniqueIdentifier>{b5d49263-0934-470f-889b-412339d4070d}</UniqueIdentifier>
    </Filter>
    <Filter Include="Header Files\Task\Tasks\Filter">
      <UniqueIdentifier>{6d550429-6c6f-4f0e-ba3a-214c13330254}</UniqueIdentifier>
    </Filter>
    <Filter Include="Header Files\Task\Tasks\RecentlyOpen">
      <UniqueIdentifier>{b3c91b9e-7abd-4c5c-9eef-7dc4061fdaa7}</UniqueIdentifier>
    </Filter>
    <Filter Include="Header Files\Task\Tasks\Sort">
      <UniqueIdentifier>{8a83b32b-ed53-492f-b270-aeae5d2a389f}</UniqueIdentifier>
    </Filter>
    <Filter Include="Header Files\Task\Tasks\Session">
      <UniqueIdentifier>{1855c45e-a919-43bc-acb2-1fd402fd12a5}</UniqueIdentifier>
    </Filter>
    <Filter Include="Source Files\Task\Tasks">
      <UniqueIdentifier>{b2fda12f-aa2f-4b0c-9d00-4c2af1b97312}</UniqueIdentifier>
    </Filter>
    <Filter Include="Source Files\Task\Tasks\Dump">
      <UniqueIdentifier>{bbc20b3c-1891-4a21-afce-82780a8e479b}</UniqueIdentifier>
    </Filter>
    <Filter Include="Source Files\Task\Tasks\LST">
      <UniqueIdentifier>{bd42fc3f-8aaf-4fa4-8862-ddde441b4cb4}</UniqueIdentifier>
    </Filter>
    <Filter Include="Source Files\Task\Tasks\RecentlyOpen">
      <UniqueIdentifier>{e51e9d95-6516-46f1-aaba-b980584d28e7}</UniqueIdentifier>
    </Filter>
    <Filter Include="Source Files\Task\Tasks\Sort">
      <UniqueIdentifier>{477d7b3a-cab0-4673-993b-a8adebf8143d}</UniqueIdentifier>
    </Filter>
    <Filter Include="Source Files\Task\Tasks\Session">
      <UniqueIdentifier>{7707ff7c-3e6a-4f9f-80eb-8b863c202f30}</UniqueIdentifier>
    </Filter>
    <Filter Include="Source Files\Task\Tasks\Find">
      <UniqueIdentifier>{9808bfe1-d3f1-4d59-9692-97869864f3b7}</UniqueIdentifier>
    </Filter>
    <Filter Include="Header Files\Task\Base">
      <UniqueIdentifier>{9fc35442-5fe0-4452-b7fc-f4fdde172d88}</UniqueIdentifier>
    </Filter>
    <Filter Include="Header Files\Task\Duration">
      <UniqueIdentifier>{7cfbdfa4-b1d1-432f-aa4b-8a4b661a43d8}</UniqueIdentifier>
    </Filter>
    <Filter Include="Header Files\Task\Repeat">
      <UniqueIdentifier>{b9e5951d-426c-4df1-a03c-c5c75383c856}</UniqueIdentifier>
    </Filter>
    <Filter Include="Source Files\Task\Base">
      <UniqueIdentifier>{bccaaa7d-fffa-462f-8a2d-e12f2836b6e4}</UniqueIdentifier>
    </Filter>
    <Filter Include="Source Files\Task\Duration">
      <UniqueIdentifier>{afe821fb-36c0-4e5a-8571-f837ac9f855d}</UniqueIdentifier>
    </Filter>
    <Filter Include="Source Files\Task\Repeat">
      <UniqueIdentifier>{36597224-ac57-45db-aa7e-945fee1dacf2}</UniqueIdentifier>
    </Filter>
    <Filter Include="Header Files\GUI\Layer\Layers">
      <UniqueIdentifier>{fd058a8a-04d6-4130-b271-bdec9ba707f8}</UniqueIdentifier>
    </Filter>
    <Filter Include="Header Files\GUI\Layer\Layers\MainLayer">
      <UniqueIdentifier>{27984916-7403-430a-a931-2dbf9efc2578}</UniqueIdentifier>
    </Filter>
    <Filter Include="Header Files\GUI\Layer\Layers\MainMenu">
      <UniqueIdentifier>{f687b083-5085-4ec4-ade0-0c24c067c4bf}</UniqueIdentifier>
    </Filter>
    <Filter Include="Source Files\GUI\Layer\Layers">
      <UniqueIdentifier>{731de0f5-7694-4bbc-b20d-6c748c1d5fd0}</UniqueIdentifier>
    </Filter>
    <Filter Include="Source Files\GUI\Layer\Layers\MainLayer">
      <UniqueIdentifier>{c78ac5f5-e074-4779-8ffd-f1ef1b91c27c}</UniqueIdentifier>
    </Filter>
    <Filter Include="Source Files\GUI\Layer\Layers\MainMenu">
      <UniqueIdentifier>{f0545247-05dd-4574-94cd-bbf28d3c9cc3}</UniqueIdentifier>
    </Filter>
    <Filter Include="Source Files\GUI\Window\Windows">
      <UniqueIdentifier>{4e253473-55bd-4c05-92cb-6d78b8871be6}</UniqueIdentifier>
    </Filter>
    <Filter Include="Source Files\GUI\Window\Windows\MainWindow">
      <UniqueIdentifier>{18bd246d-39d3-4362-840e-3664327b7664}</UniqueIdentifier>
    </Filter>
    <Filter Include="Header Files\GUI\Window\Windows">
      <UniqueIdentifier>{ce7ea86c-fbbc-4c45-add9-e716e894ed1b}</UniqueIdentifier>
    </Filter>
    <Filter Include="Header Files\GUI\Window\Windows\MainWindow">
      <UniqueIdentifier>{2db7542b-665b-4227-b491-1ec0780e7baf}</UniqueIdentifier>
    </Filter>
    <Filter Include="Source Files\GUI\Editor\Editors">
      <UniqueIdentifier>{46b844b6-ec38-46f3-aa08-a8d55cf86880}</UniqueIdentifier>
    </Filter>
    <Filter Include="Source Files\GUI\Editor\Editors\Tab">
      <UniqueIdentifier>{a26ca086-003c-4d94-800b-f64e3cd8ccc5}</UniqueIdentifier>
    </Filter>
    <Filter Include="Header Files\GUI\Editor\Editors">
      <UniqueIdentifier>{a8c3d5e3-ffc8-495d-aa72-d6dfff688b36}</UniqueIdentifier>
    </Filter>
    <Filter Include="Header Files\GUI\Editor\Editors\Tab">
      <UniqueIdentifier>{2155cef3-c82a-490b-8233-915828180363}</UniqueIdentifier>
    </Filter>
    <Filter Include="Header Files\GUI\Editor\Base">
      <UniqueIdentifier>{1b595103-e863-4c9b-bb11-07cb224573cc}</UniqueIdentifier>
    </Filter>
    <Filter Include="Source Files\GUI\Editor\Base">
      <UniqueIdentifier>{24dcb8bc-c14e-42a2-9a56-141493f679b5}</UniqueIdentifier>
    </Filter>
    <Filter Include="Source Files\GUI\Editor\Base\Tab">
      <UniqueIdentifier>{54f9aa76-f2b0-4ebb-8b11-465dbcc288f2}</UniqueIdentifier>
    </Filter>
    <Filter Include="Header Files\GUI\Editor\Base\Tab">
      <UniqueIdentifier>{894af7c2-5f88-4b30-906a-d37d5c76335c}</UniqueIdentifier>
    </Filter>
  </ItemGroup>
  <ItemGroup>
    <ClCompile Include="..\..\..\Dependencies\ThirdParty\Bitmap\bitmap.cpp">
      <Filter>Source Files\TEMP_LOCATION_ThirdParty\Bitmap</Filter>
    </ClCompile>
    <ClCompile Include="..\..\..\Dependencies\ThirdParty\GLEW\glew.c">
      <Filter>Source Files\TEMP_LOCATION_ThirdParty\GLEW</Filter>
    </ClCompile>
    <ClCompile Include="..\..\..\Dependencies\ThirdParty\GLEW\glewinfo.c">
      <Filter>Source Files\TEMP_LOCATION_ThirdParty\GLEW</Filter>
    </ClCompile>
    <ClCompile Include="..\..\..\Dependencies\ThirdParty\GLEW\visualinfo.c">
      <Filter>Source Files\TEMP_LOCATION_ThirdParty\GLEW</Filter>
    </ClCompile>
    <ClCompile Include="..\..\..\Dependencies\ThirdParty\GLFW\src\context.c">
      <Filter>Source Files\TEMP_LOCATION_ThirdParty\GLFW</Filter>
    </ClCompile>
    <ClCompile Include="..\..\..\Dependencies\ThirdParty\GLFW\src\init.c">
      <Filter>Source Files\TEMP_LOCATION_ThirdParty\GLFW</Filter>
    </ClCompile>
    <ClCompile Include="..\..\..\Dependencies\ThirdParty\GLFW\src\input.c">
      <Filter>Source Files\TEMP_LOCATION_ThirdParty\GLFW</Filter>
    </ClCompile>
    <ClCompile Include="..\..\..\Dependencies\ThirdParty\GLFW\src\monitor.c">
      <Filter>Source Files\TEMP_LOCATION_ThirdParty\GLFW</Filter>
    </ClCompile>
    <ClCompile Include="..\..\..\Dependencies\ThirdParty\GLFW\src\wgl_context.c">
      <Filter>Source Files\TEMP_LOCATION_ThirdParty\GLFW</Filter>
    </ClCompile>
    <ClCompile Include="..\..\..\Dependencies\ThirdParty\GLFW\src\win32_init.c">
      <Filter>Source Files\TEMP_LOCATION_ThirdParty\GLFW</Filter>
    </ClCompile>
    <ClCompile Include="..\..\..\Dependencies\ThirdParty\GLFW\src\win32_monitor.c">
      <Filter>Source Files\TEMP_LOCATION_ThirdParty\GLFW</Filter>
    </ClCompile>
    <ClCompile Include="..\..\..\Dependencies\ThirdParty\GLFW\src\win32_time.c">
      <Filter>Source Files\TEMP_LOCATION_ThirdParty\GLFW</Filter>
    </ClCompile>
    <ClCompile Include="..\..\..\Dependencies\ThirdParty\GLFW\src\win32_tls.c">
      <Filter>Source Files\TEMP_LOCATION_ThirdParty\GLFW</Filter>
    </ClCompile>
    <ClCompile Include="..\..\..\Dependencies\ThirdParty\GLFW\src\win32_window.c">
      <Filter>Source Files\TEMP_LOCATION_ThirdParty\GLFW</Filter>
    </ClCompile>
    <ClCompile Include="..\..\..\Dependencies\ThirdParty\GLFW\src\window.c">
      <Filter>Source Files\TEMP_LOCATION_ThirdParty\GLFW</Filter>
    </ClCompile>
    <ClCompile Include="..\..\..\Dependencies\ThirdParty\GLFW\src\winmm_joystick.c">
      <Filter>Source Files\TEMP_LOCATION_ThirdParty\GLFW</Filter>
    </ClCompile>
    <ClCompile Include="..\..\..\Dependencies\ThirdParty\GLM\detail\glm.cpp">
      <Filter>Source Files\TEMP_LOCATION_ThirdParty\GLM\detail</Filter>
    </ClCompile>
    <ClCompile Include="..\..\..\Dependencies\ThirdParty\freetype-gl\shader.c">
      <Filter>Source Files\TEMP_LOCATION_ThirdParty\Freetype-GL</Filter>
    </ClCompile>
    <ClCompile Include="..\..\..\Dependencies\ThirdParty\freetype-gl\text-buffer.c">
      <Filter>Source Files\TEMP_LOCATION_ThirdParty\Freetype-GL</Filter>
    </ClCompile>
    <ClCompile Include="..\..\..\Dependencies\ThirdParty\freetype-gl\texture-atlas.c">
      <Filter>Source Files\TEMP_LOCATION_ThirdParty\Freetype-GL</Filter>
    </ClCompile>
    <ClCompile Include="..\..\..\Dependencies\ThirdParty\freetype-gl\texture-font.c">
      <Filter>Source Files\TEMP_LOCATION_ThirdParty\Freetype-GL</Filter>
    </ClCompile>
    <ClCompile Include="..\..\..\Dependencies\ThirdParty\freetype-gl\vector.c">
      <Filter>Source Files\TEMP_LOCATION_ThirdParty\Freetype-GL</Filter>
    </ClCompile>
    <ClCompile Include="..\..\..\Dependencies\ThirdParty\freetype-gl\vertex-attribute.c">
      <Filter>Source Files\TEMP_LOCATION_ThirdParty\Freetype-GL</Filter>
    </ClCompile>
    <ClCompile Include="..\..\..\Dependencies\ThirdParty\freetype-gl\vertex-buffer.c">
      <Filter>Source Files\TEMP_LOCATION_ThirdParty\Freetype-GL</Filter>
    </ClCompile>
    <ClCompile Include="..\..\..\Dependencies\ThirdParty\freetype-gl\edtaa3func.c">
      <Filter>Source Files\TEMP_LOCATION_ThirdParty\Freetype-GL</Filter>
    </ClCompile>
    <ClCompile Include="..\..\..\Dependencies\ThirdParty\freetype-gl\font-manager.c">
      <Filter>Source Files\TEMP_LOCATION_ThirdParty\Freetype-GL</Filter>
    </ClCompile>
    <ClCompile Include="..\..\..\Dependencies\ThirdParty\freetype-gl\makefont.c">
      <Filter>Source Files\TEMP_LOCATION_ThirdParty\Freetype-GL</Filter>
    </ClCompile>
    <ClCompile Include="..\..\..\Dependencies\ThirdParty\freetype-gl\mat4.c">
      <Filter>Source Files\TEMP_LOCATION_ThirdParty\Freetype-GL</Filter>
    </ClCompile>
    <ClCompile Include="..\..\..\Dependencies\ThirdParty\freetype-gl\platform.c">
      <Filter>Source Files\TEMP_LOCATION_ThirdParty\Freetype-GL</Filter>
    </ClCompile>
    <ClCompile Include="..\..\..\Code\IMGF\Globals.cpp">
      <Filter>Source Files</Filter>
    </ClCompile>
    <ClCompile Include="..\..\..\Code\IMGF\Main.cpp">
      <Filter>Source Files</Filter>
    </ClCompile>
    <ClCompile Include="..\..\..\Code\IMGF\IMGF.cpp">
      <Filter>Source Files</Filter>
    </ClCompile>
    <ClCompile Include="..\..\..\Code\IMGF\DragDrop\DragDrop.cpp">
      <Filter>Source Files\DragDrop</Filter>
    </ClCompile>
    <ClCompile Include="..\..\..\Code\IMGF\DragDrop\DragListCtrl.cpp">
      <Filter>Source Files\DragDrop</Filter>
    </ClCompile>
    <ClCompile Include="..\..\..\Code\IMGF\DragDrop\DropSource.cpp">
      <Filter>Source Files\DragDrop</Filter>
    </ClCompile>
    <ClCompile Include="..\..\..\Code\IMGF\DragDrop\DropTarget.cpp">
      <Filter>Source Files\DragDrop</Filter>
    </ClCompile>
    <ClCompile Include="..\..\..\Code\IMGF\EntryViewer\CollisionViewer.cpp">
      <Filter>Source Files\EntryViewer</Filter>
    </ClCompile>
    <ClCompile Include="..\..\..\Code\IMGF\EntryViewer\EntryViewer.cpp">
      <Filter>Source Files\EntryViewer</Filter>
    </ClCompile>
    <ClCompile Include="..\..\..\Code\IMGF\EntryViewer\EntryViewerManager.cpp">
      <Filter>Source Files\EntryViewer</Filter>
    </ClCompile>
    <ClCompile Include="..\..\..\Code\IMGF\EntryViewer\TextureViewer.cpp">
      <Filter>Source Files\EntryViewer</Filter>
    </ClCompile>
    <ClCompile Include="..\..\..\Code\IMGF\Format\DB\DBEntry.cpp">
      <Filter>Source Files\Format\DB</Filter>
    </ClCompile>
    <ClCompile Include="..\..\..\Code\IMGF\Format\DB\DBFormat.cpp">
      <Filter>Source Files\Format\DB</Filter>
    </ClCompile>
    <ClCompile Include="..\..\..\Code\IMGF\Format\DB\DBManager.cpp">
      <Filter>Source Files\Format\DB</Filter>
    </ClCompile>
    <ClCompile Include="..\..\..\Code\IMGF\Format\LST\LSTEntry.cpp">
      <Filter>Source Files\Format\LST</Filter>
    </ClCompile>
    <ClCompile Include="..\..\..\Code\IMGF\Format\LST\LSTFormat.cpp">
      <Filter>Source Files\Format\LST</Filter>
    </ClCompile>
    <ClCompile Include="..\..\..\Code\IMGF\Format\LST\LSTManager.cpp">
      <Filter>Source Files\Format\LST</Filter>
    </ClCompile>
    <ClCompile Include="..\..\..\Code\IMGF\Format\LST\LSTSection.cpp">
      <Filter>Source Files\Format\LST</Filter>
    </ClCompile>
    <ClCompile Include="..\..\..\Code\IMGF\GUI\Input\InputManager.cpp">
      <Filter>Source Files\GUI\Input</Filter>
    </ClCompile>
    <ClCompile Include="..\..\..\Code\IMGF\GUI\Window\WindowManager.cpp">
      <Filter>Source Files\GUI\Window</Filter>
    </ClCompile>
    <ClCompile Include="..\..\..\Code\IMGF\Language\LanguageManager.cpp">
      <Filter>Source Files\Language</Filter>
    </ClCompile>
    <ClCompile Include="..\..\..\Code\IMGF\Program\BuildMeta.cpp">
      <Filter>Source Files\Program</Filter>
    </ClCompile>
    <ClCompile Include="..\..\..\Code\IMGF\Settings\SettingsManager.cpp">
      <Filter>Source Files\Settings</Filter>
    </ClCompile>
    <ClCompile Include="..\..\..\Code\IMGF\Static\AppDataPath.cpp">
      <Filter>Source Files\Static</Filter>
    </ClCompile>
    <ClCompile Include="..\..\..\Code\IMGF\Task\Tasks\Dump\DumpManager.cpp">
      <Filter>Source Files\Task\Tasks\Dump</Filter>
    </ClCompile>
    <ClCompile Include="..\..\..\Code\IMGF\Task\Tasks\Find\SearchEntry.cpp">
      <Filter>Source Files\Task\Tasks\Find</Filter>
    </ClCompile>
    <ClCompile Include="..\..\..\Code\IMGF\Task\Tasks\LST\LSTProcessingManager.cpp">
      <Filter>Source Files\Task\Tasks\LST</Filter>
    </ClCompile>
    <ClCompile Include="..\..\..\Code\IMGF\Task\Tasks\RecentlyOpen\RecentlyOpenEntry.cpp">
      <Filter>Source Files\Task\Tasks\RecentlyOpen</Filter>
    </ClCompile>
    <ClCompile Include="..\..\..\Code\IMGF\Task\Tasks\RecentlyOpen\RecentlyOpenManager.cpp">
      <Filter>Source Files\Task\Tasks\RecentlyOpen</Filter>
    </ClCompile>
    <ClCompile Include="..\..\..\Code\IMGF\Task\Tasks\Session\Session.cpp">
      <Filter>Source Files\Task\Tasks\Session</Filter>
    </ClCompile>
    <ClCompile Include="..\..\..\Code\IMGF\Task\Tasks\Session\SessionManager.cpp">
      <Filter>Source Files\Task\Tasks\Session</Filter>
    </ClCompile>
    <ClCompile Include="..\..\..\Code\IMGF\Task\Tasks\Sort\SortManager.cpp">
      <Filter>Source Files\Task\Tasks\Sort</Filter>
    </ClCompile>
    <ClCompile Include="..\..\..\Code\IMGF\Task\Tasks\Sort\SortMenuItem.cpp">
      <Filter>Source Files\Task\Tasks\Sort</Filter>
    </ClCompile>
    <ClCompile Include="..\..\..\Code\IMGF\Task\Tasks\Sort\SortPriority.cpp">
      <Filter>Source Files\Task\Tasks\Sort</Filter>
    </ClCompile>
    <ClCompile Include="..\..\..\Code\IMGF\Task\Tasks\Sort\SortType.cpp">
      <Filter>Source Files\Task\Tasks\Sort</Filter>
    </ClCompile>
    <ClCompile Include="..\..\..\Code\IMGF\Updater\UpdateConnectionManager.cpp">
      <Filter>Source Files\Updater</Filter>
    </ClCompile>
    <ClCompile Include="..\..\..\Code\IMGF\Updater\UpdateManager.cpp">
      <Filter>Source Files\Updater</Filter>
    </ClCompile>
    <ClCompile Include="..\..\..\Code\IMGF\Task\Duration\TaskDurationManager.cpp">
      <Filter>Source Files\Task\Duration</Filter>
    </ClCompile>
    <ClCompile Include="..\..\..\Code\IMGF\Task\Repeat\LastUsedValueManager.cpp">
      <Filter>Source Files\Task\Repeat</Filter>
    </ClCompile>
    <ClCompile Include="..\..\..\Code\IMGF\Task\TaskManager.cpp">
      <Filter>Source Files\Task</Filter>
    </ClCompile>
    <ClCompile Include="..\..\..\Code\IMGF\Task\Tasks\Tasks.cpp">
      <Filter>Source Files\Task\Tasks</Filter>
    </ClCompile>
    <ClCompile Include="..\..\..\Code\IMGF\GUI\Layer\Layers\MainLayer\MainLayer.cpp">
      <Filter>Source Files\GUI\Layer\Layers\MainLayer</Filter>
    </ClCompile>
    <ClCompile Include="..\..\..\Code\IMGF\GUI\Window\Windows\MainWindow\MainWindow.cpp">
      <Filter>Source Files\GUI\Window\Windows\MainWindow</Filter>
    </ClCompile>
    <ClCompile Include="..\..\..\Code\IMGF\GUI\Editor\Editors\Tab\IMGEditorTab.cpp">
      <Filter>Source Files\GUI\Editor\Editors\Tab</Filter>
    </ClCompile>
    <ClCompile Include="..\..\..\Code\IMGF\GUI\Editor\Editors\IMGEditor.cpp">
      <Filter>Source Files\GUI\Editor\Editors</Filter>
    </ClCompile>
    <ClCompile Include="..\..\..\Code\IMGF\GUI\Editor\Base\Editor.cpp">
      <Filter>Source Files\GUI\Editor\Base</Filter>
    </ClCompile>
    <ClCompile Include="..\..\..\Code\IMGF\GUI\Editor\Base\Tab\EditorTab.cpp">
      <Filter>Source Files\GUI\Editor\Base\Tab</Filter>
    </ClCompile>
  </ItemGroup>
  <ItemGroup>
    <ClInclude Include="..\..\..\Dependencies\ThirdParty\Bitmap\bitmap.h">
      <Filter>Header Files\TEMP_LOCATION_ThirdParty\Bitmap</Filter>
    </ClInclude>
    <ClInclude Include="..\..\..\Dependencies\ThirdParty\GLEW\GL\glxew.h">
      <Filter>Header Files\TEMP_LOCATION_ThirdParty\GLEW\GL</Filter>
    </ClInclude>
    <ClInclude Include="..\..\..\Dependencies\ThirdParty\GLEW\GL\wglew.h">
      <Filter>Header Files\TEMP_LOCATION_ThirdParty\GLEW\GL</Filter>
    </ClInclude>
    <ClInclude Include="..\..\..\Dependencies\ThirdParty\GLEW\GL\glew.h">
      <Filter>Header Files\TEMP_LOCATION_ThirdParty\GLEW\GL</Filter>
    </ClInclude>
    <ClInclude Include="..\..\..\Dependencies\ThirdParty\GLFW\src\wl_platform.h">
      <Filter>Header Files\TEMP_LOCATION_ThirdParty\GLFW</Filter>
    </ClInclude>
    <ClInclude Include="..\..\..\Dependencies\ThirdParty\GLFW\src\x11_platform.h">
      <Filter>Header Files\TEMP_LOCATION_ThirdParty\GLFW</Filter>
    </ClInclude>
    <ClInclude Include="..\..\..\Dependencies\ThirdParty\GLFW\src\xkb_unicode.h">
      <Filter>Header Files\TEMP_LOCATION_ThirdParty\GLFW</Filter>
    </ClInclude>
    <ClInclude Include="..\..\..\Dependencies\ThirdParty\GLFW\src\cocoa_platform.h">
      <Filter>Header Files\TEMP_LOCATION_ThirdParty\GLFW</Filter>
    </ClInclude>
    <ClInclude Include="..\..\..\Dependencies\ThirdParty\GLFW\src\egl_context.h">
      <Filter>Header Files\TEMP_LOCATION_ThirdParty\GLFW</Filter>
    </ClInclude>
    <ClInclude Include="..\..\..\Dependencies\ThirdParty\GLFW\src\glx_context.h">
      <Filter>Header Files\TEMP_LOCATION_ThirdParty\GLFW</Filter>
    </ClInclude>
    <ClInclude Include="..\..\..\Dependencies\ThirdParty\GLFW\src\internal.h">
      <Filter>Header Files\TEMP_LOCATION_ThirdParty\GLFW</Filter>
    </ClInclude>
    <ClInclude Include="..\..\..\Dependencies\ThirdParty\GLFW\src\iokit_joystick.h">
      <Filter>Header Files\TEMP_LOCATION_ThirdParty\GLFW</Filter>
    </ClInclude>
    <ClInclude Include="..\..\..\Dependencies\ThirdParty\GLFW\src\linux_joystick.h">
      <Filter>Header Files\TEMP_LOCATION_ThirdParty\GLFW</Filter>
    </ClInclude>
    <ClInclude Include="..\..\..\Dependencies\ThirdParty\GLFW\src\mir_platform.h">
      <Filter>Header Files\TEMP_LOCATION_ThirdParty\GLFW</Filter>
    </ClInclude>
    <ClInclude Include="..\..\..\Dependencies\ThirdParty\GLFW\src\nsgl_context.h">
      <Filter>Header Files\TEMP_LOCATION_ThirdParty\GLFW</Filter>
    </ClInclude>
    <ClInclude Include="..\..\..\Dependencies\ThirdParty\GLFW\src\posix_time.h">
      <Filter>Header Files\TEMP_LOCATION_ThirdParty\GLFW</Filter>
    </ClInclude>
    <ClInclude Include="..\..\..\Dependencies\ThirdParty\GLFW\src\posix_tls.h">
      <Filter>Header Files\TEMP_LOCATION_ThirdParty\GLFW</Filter>
    </ClInclude>
    <ClInclude Include="..\..\..\Dependencies\ThirdParty\GLFW\src\wgl_context.h">
      <Filter>Header Files\TEMP_LOCATION_ThirdParty\GLFW</Filter>
    </ClInclude>
    <ClInclude Include="..\..\..\Dependencies\ThirdParty\GLFW\src\win32_platform.h">
      <Filter>Header Files\TEMP_LOCATION_ThirdParty\GLFW</Filter>
    </ClInclude>
    <ClInclude Include="..\..\..\Dependencies\ThirdParty\GLFW\src\win32_tls.h">
      <Filter>Header Files\TEMP_LOCATION_ThirdParty\GLFW</Filter>
    </ClInclude>
    <ClInclude Include="..\..\..\Dependencies\ThirdParty\GLFW\src\winmm_joystick.h">
      <Filter>Header Files\TEMP_LOCATION_ThirdParty\GLFW</Filter>
    </ClInclude>
    <ClInclude Include="..\..\..\Dependencies\ThirdParty\GLFW\include\GLFW\glfw3native.h">
      <Filter>Header Files\TEMP_LOCATION_ThirdParty\GLFW\include\GLFW</Filter>
    </ClInclude>
    <ClInclude Include="..\..\..\Dependencies\ThirdParty\GLFW\include\GLFW\glfw3.h">
      <Filter>Header Files\TEMP_LOCATION_ThirdParty\GLFW\include\GLFW</Filter>
    </ClInclude>
    <ClInclude Include="..\..\..\Dependencies\ThirdParty\GLFW\deps\GL\glxext.h">
      <Filter>Header Files\TEMP_LOCATION_ThirdParty\GLFW\deps\GL</Filter>
    </ClInclude>
    <ClInclude Include="..\..\..\Dependencies\ThirdParty\GLFW\deps\GL\wglext.h">
      <Filter>Header Files\TEMP_LOCATION_ThirdParty\GLFW\deps\GL</Filter>
    </ClInclude>
    <ClInclude Include="..\..\..\Dependencies\ThirdParty\GLFW\deps\GL\glext.h">
      <Filter>Header Files\TEMP_LOCATION_ThirdParty\GLFW\deps\GL</Filter>
    </ClInclude>
    <ClInclude Include="..\..\..\Dependencies\ThirdParty\Freeglut\include\GL\freeglut_std.h">
      <Filter>Source Files\TEMP_LOCATION_ThirdParty\GLUT</Filter>
    </ClInclude>
    <ClInclude Include="..\..\..\Dependencies\ThirdParty\Freeglut\include\GL\glut.h">
      <Filter>Source Files\TEMP_LOCATION_ThirdParty\GLUT</Filter>
    </ClInclude>
    <ClInclude Include="..\..\..\Dependencies\ThirdParty\Freeglut\include\GL\freeglut.h">
      <Filter>Source Files\TEMP_LOCATION_ThirdParty\GLUT</Filter>
    </ClInclude>
    <ClInclude Include="..\..\..\Dependencies\ThirdParty\Freeglut\include\GL\freeglut_ext.h">
      <Filter>Source Files\TEMP_LOCATION_ThirdParty\GLUT</Filter>
    </ClInclude>
    <ClInclude Include="..\..\..\Dependencies\ThirdParty\GLM\mat4x3.hpp">
      <Filter>Header Files\TEMP_LOCATION_ThirdParty\GLM</Filter>
    </ClInclude>
    <ClInclude Include="..\..\..\Dependencies\ThirdParty\GLM\mat4x4.hpp">
      <Filter>Header Files\TEMP_LOCATION_ThirdParty\GLM</Filter>
    </ClInclude>
    <ClInclude Include="..\..\..\Dependencies\ThirdParty\GLM\matrix.hpp">
      <Filter>Header Files\TEMP_LOCATION_ThirdParty\GLM</Filter>
    </ClInclude>
    <ClInclude Include="..\..\..\Dependencies\ThirdParty\GLM\packing.hpp">
      <Filter>Header Files\TEMP_LOCATION_ThirdParty\GLM</Filter>
    </ClInclude>
    <ClInclude Include="..\..\..\Dependencies\ThirdParty\GLM\trigonometric.hpp">
      <Filter>Header Files\TEMP_LOCATION_ThirdParty\GLM</Filter>
    </ClInclude>
    <ClInclude Include="..\..\..\Dependencies\ThirdParty\GLM\vec2.hpp">
      <Filter>Header Files\TEMP_LOCATION_ThirdParty\GLM</Filter>
    </ClInclude>
    <ClInclude Include="..\..\..\Dependencies\ThirdParty\GLM\vec3.hpp">
      <Filter>Header Files\TEMP_LOCATION_ThirdParty\GLM</Filter>
    </ClInclude>
    <ClInclude Include="..\..\..\Dependencies\ThirdParty\GLM\vec4.hpp">
      <Filter>Header Files\TEMP_LOCATION_ThirdParty\GLM</Filter>
    </ClInclude>
    <ClInclude Include="..\..\..\Dependencies\ThirdParty\GLM\vector_relational.hpp">
      <Filter>Header Files\TEMP_LOCATION_ThirdParty\GLM</Filter>
    </ClInclude>
    <ClInclude Include="..\..\..\Dependencies\ThirdParty\GLM\common.hpp">
      <Filter>Header Files\TEMP_LOCATION_ThirdParty\GLM</Filter>
    </ClInclude>
    <ClInclude Include="..\..\..\Dependencies\ThirdParty\GLM\exponential.hpp">
      <Filter>Header Files\TEMP_LOCATION_ThirdParty\GLM</Filter>
    </ClInclude>
    <ClInclude Include="..\..\..\Dependencies\ThirdParty\GLM\ext.hpp">
      <Filter>Header Files\TEMP_LOCATION_ThirdParty\GLM</Filter>
    </ClInclude>
    <ClInclude Include="..\..\..\Dependencies\ThirdParty\GLM\fwd.hpp">
      <Filter>Header Files\TEMP_LOCATION_ThirdParty\GLM</Filter>
    </ClInclude>
    <ClInclude Include="..\..\..\Dependencies\ThirdParty\GLM\geometric.hpp">
      <Filter>Header Files\TEMP_LOCATION_ThirdParty\GLM</Filter>
    </ClInclude>
    <ClInclude Include="..\..\..\Dependencies\ThirdParty\GLM\glm.hpp">
      <Filter>Header Files\TEMP_LOCATION_ThirdParty\GLM</Filter>
    </ClInclude>
    <ClInclude Include="..\..\..\Dependencies\ThirdParty\GLM\integer.hpp">
      <Filter>Header Files\TEMP_LOCATION_ThirdParty\GLM</Filter>
    </ClInclude>
    <ClInclude Include="..\..\..\Dependencies\ThirdParty\GLM\mat2x2.hpp">
      <Filter>Header Files\TEMP_LOCATION_ThirdParty\GLM</Filter>
    </ClInclude>
    <ClInclude Include="..\..\..\Dependencies\ThirdParty\GLM\mat2x3.hpp">
      <Filter>Header Files\TEMP_LOCATION_ThirdParty\GLM</Filter>
    </ClInclude>
    <ClInclude Include="..\..\..\Dependencies\ThirdParty\GLM\mat2x4.hpp">
      <Filter>Header Files\TEMP_LOCATION_ThirdParty\GLM</Filter>
    </ClInclude>
    <ClInclude Include="..\..\..\Dependencies\ThirdParty\GLM\mat3x2.hpp">
      <Filter>Header Files\TEMP_LOCATION_ThirdParty\GLM</Filter>
    </ClInclude>
    <ClInclude Include="..\..\..\Dependencies\ThirdParty\GLM\mat3x3.hpp">
      <Filter>Header Files\TEMP_LOCATION_ThirdParty\GLM</Filter>
    </ClInclude>
    <ClInclude Include="..\..\..\Dependencies\ThirdParty\GLM\mat3x4.hpp">
      <Filter>Header Files\TEMP_LOCATION_ThirdParty\GLM</Filter>
    </ClInclude>
    <ClInclude Include="..\..\..\Dependencies\ThirdParty\GLM\mat4x2.hpp">
      <Filter>Header Files\TEMP_LOCATION_ThirdParty\GLM</Filter>
    </ClInclude>
    <ClInclude Include="..\..\..\Dependencies\ThirdParty\GLM\gtx\transform2.hpp">
      <Filter>Header Files\TEMP_LOCATION_ThirdParty\GLM\gtx</Filter>
    </ClInclude>
    <ClInclude Include="..\..\..\Dependencies\ThirdParty\GLM\gtx\type_aligned.hpp">
      <Filter>Header Files\TEMP_LOCATION_ThirdParty\GLM\gtx</Filter>
    </ClInclude>
    <ClInclude Include="..\..\..\Dependencies\ThirdParty\GLM\gtx\vector_angle.hpp">
      <Filter>Header Files\TEMP_LOCATION_ThirdParty\GLM\gtx</Filter>
    </ClInclude>
    <ClInclude Include="..\..\..\Dependencies\ThirdParty\GLM\gtx\vector_query.hpp">
      <Filter>Header Files\TEMP_LOCATION_ThirdParty\GLM\gtx</Filter>
    </ClInclude>
    <ClInclude Include="..\..\..\Dependencies\ThirdParty\GLM\gtx\wrap.hpp">
      <Filter>Header Files\TEMP_LOCATION_ThirdParty\GLM\gtx</Filter>
    </ClInclude>
    <ClInclude Include="..\..\..\Dependencies\ThirdParty\GLM\gtx\associated_min_max.hpp">
      <Filter>Header Files\TEMP_LOCATION_ThirdParty\GLM\gtx</Filter>
    </ClInclude>
    <ClInclude Include="..\..\..\Dependencies\ThirdParty\GLM\gtx\bit.hpp">
      <Filter>Header Files\TEMP_LOCATION_ThirdParty\GLM\gtx</Filter>
    </ClInclude>
    <ClInclude Include="..\..\..\Dependencies\ThirdParty\GLM\gtx\closest_point.hpp">
      <Filter>Header Files\TEMP_LOCATION_ThirdParty\GLM\gtx</Filter>
    </ClInclude>
    <ClInclude Include="..\..\..\Dependencies\ThirdParty\GLM\gtx\color_space.hpp">
      <Filter>Header Files\TEMP_LOCATION_ThirdParty\GLM\gtx</Filter>
    </ClInclude>
    <ClInclude Include="..\..\..\Dependencies\ThirdParty\GLM\gtx\color_space_YCoCg.hpp">
      <Filter>Header Files\TEMP_LOCATION_ThirdParty\GLM\gtx</Filter>
    </ClInclude>
    <ClInclude Include="..\..\..\Dependencies\ThirdParty\GLM\gtx\common.hpp">
      <Filter>Header Files\TEMP_LOCATION_ThirdParty\GLM\gtx</Filter>
    </ClInclude>
    <ClInclude Include="..\..\..\Dependencies\ThirdParty\GLM\gtx\compatibility.hpp">
      <Filter>Header Files\TEMP_LOCATION_ThirdParty\GLM\gtx</Filter>
    </ClInclude>
    <ClInclude Include="..\..\..\Dependencies\ThirdParty\GLM\gtx\component_wise.hpp">
      <Filter>Header Files\TEMP_LOCATION_ThirdParty\GLM\gtx</Filter>
    </ClInclude>
    <ClInclude Include="..\..\..\Dependencies\ThirdParty\GLM\gtx\dual_quaternion.hpp">
      <Filter>Header Files\TEMP_LOCATION_ThirdParty\GLM\gtx</Filter>
    </ClInclude>
    <ClInclude Include="..\..\..\Dependencies\ThirdParty\GLM\gtx\euler_angles.hpp">
      <Filter>Header Files\TEMP_LOCATION_ThirdParty\GLM\gtx</Filter>
    </ClInclude>
    <ClInclude Include="..\..\..\Dependencies\ThirdParty\GLM\gtx\extend.hpp">
      <Filter>Header Files\TEMP_LOCATION_ThirdParty\GLM\gtx</Filter>
    </ClInclude>
    <ClInclude Include="..\..\..\Dependencies\ThirdParty\GLM\gtx\extended_min_max.hpp">
      <Filter>Header Files\TEMP_LOCATION_ThirdParty\GLM\gtx</Filter>
    </ClInclude>
    <ClInclude Include="..\..\..\Dependencies\ThirdParty\GLM\gtx\fast_exponential.hpp">
      <Filter>Header Files\TEMP_LOCATION_ThirdParty\GLM\gtx</Filter>
    </ClInclude>
    <ClInclude Include="..\..\..\Dependencies\ThirdParty\GLM\gtx\fast_square_root.hpp">
      <Filter>Header Files\TEMP_LOCATION_ThirdParty\GLM\gtx</Filter>
    </ClInclude>
    <ClInclude Include="..\..\..\Dependencies\ThirdParty\GLM\gtx\fast_trigonometry.hpp">
      <Filter>Header Files\TEMP_LOCATION_ThirdParty\GLM\gtx</Filter>
    </ClInclude>
    <ClInclude Include="..\..\..\Dependencies\ThirdParty\GLM\gtx\gradient_paint.hpp">
      <Filter>Header Files\TEMP_LOCATION_ThirdParty\GLM\gtx</Filter>
    </ClInclude>
    <ClInclude Include="..\..\..\Dependencies\ThirdParty\GLM\gtx\handed_coordinate_space.hpp">
      <Filter>Header Files\TEMP_LOCATION_ThirdParty\GLM\gtx</Filter>
    </ClInclude>
    <ClInclude Include="..\..\..\Dependencies\ThirdParty\GLM\gtx\hash.hpp">
      <Filter>Header Files\TEMP_LOCATION_ThirdParty\GLM\gtx</Filter>
    </ClInclude>
    <ClInclude Include="..\..\..\Dependencies\ThirdParty\GLM\gtx\integer.hpp">
      <Filter>Header Files\TEMP_LOCATION_ThirdParty\GLM\gtx</Filter>
    </ClInclude>
    <ClInclude Include="..\..\..\Dependencies\ThirdParty\GLM\gtx\intersect.hpp">
      <Filter>Header Files\TEMP_LOCATION_ThirdParty\GLM\gtx</Filter>
    </ClInclude>
    <ClInclude Include="..\..\..\Dependencies\ThirdParty\GLM\gtx\io.hpp">
      <Filter>Header Files\TEMP_LOCATION_ThirdParty\GLM\gtx</Filter>
    </ClInclude>
    <ClInclude Include="..\..\..\Dependencies\ThirdParty\GLM\gtx\log_base.hpp">
      <Filter>Header Files\TEMP_LOCATION_ThirdParty\GLM\gtx</Filter>
    </ClInclude>
    <ClInclude Include="..\..\..\Dependencies\ThirdParty\GLM\gtx\matrix_cross_product.hpp">
      <Filter>Header Files\TEMP_LOCATION_ThirdParty\GLM\gtx</Filter>
    </ClInclude>
    <ClInclude Include="..\..\..\Dependencies\ThirdParty\GLM\gtx\matrix_decompose.hpp">
      <Filter>Header Files\TEMP_LOCATION_ThirdParty\GLM\gtx</Filter>
    </ClInclude>
    <ClInclude Include="..\..\..\Dependencies\ThirdParty\GLM\gtx\matrix_interpolation.hpp">
      <Filter>Header Files\TEMP_LOCATION_ThirdParty\GLM\gtx</Filter>
    </ClInclude>
    <ClInclude Include="..\..\..\Dependencies\ThirdParty\GLM\gtx\matrix_major_storage.hpp">
      <Filter>Header Files\TEMP_LOCATION_ThirdParty\GLM\gtx</Filter>
    </ClInclude>
    <ClInclude Include="..\..\..\Dependencies\ThirdParty\GLM\gtx\matrix_operation.hpp">
      <Filter>Header Files\TEMP_LOCATION_ThirdParty\GLM\gtx</Filter>
    </ClInclude>
    <ClInclude Include="..\..\..\Dependencies\ThirdParty\GLM\gtx\matrix_query.hpp">
      <Filter>Header Files\TEMP_LOCATION_ThirdParty\GLM\gtx</Filter>
    </ClInclude>
    <ClInclude Include="..\..\..\Dependencies\ThirdParty\GLM\gtx\matrix_transform_2d.hpp">
      <Filter>Header Files\TEMP_LOCATION_ThirdParty\GLM\gtx</Filter>
    </ClInclude>
    <ClInclude Include="..\..\..\Dependencies\ThirdParty\GLM\gtx\mixed_product.hpp">
      <Filter>Header Files\TEMP_LOCATION_ThirdParty\GLM\gtx</Filter>
    </ClInclude>
    <ClInclude Include="..\..\..\Dependencies\ThirdParty\GLM\gtx\norm.hpp">
      <Filter>Header Files\TEMP_LOCATION_ThirdParty\GLM\gtx</Filter>
    </ClInclude>
    <ClInclude Include="..\..\..\Dependencies\ThirdParty\GLM\gtx\normal.hpp">
      <Filter>Header Files\TEMP_LOCATION_ThirdParty\GLM\gtx</Filter>
    </ClInclude>
    <ClInclude Include="..\..\..\Dependencies\ThirdParty\GLM\gtx\normalize_dot.hpp">
      <Filter>Header Files\TEMP_LOCATION_ThirdParty\GLM\gtx</Filter>
    </ClInclude>
    <ClInclude Include="..\..\..\Dependencies\ThirdParty\GLM\gtx\number_precision.hpp">
      <Filter>Header Files\TEMP_LOCATION_ThirdParty\GLM\gtx</Filter>
    </ClInclude>
    <ClInclude Include="..\..\..\Dependencies\ThirdParty\GLM\gtx\optimum_pow.hpp">
      <Filter>Header Files\TEMP_LOCATION_ThirdParty\GLM\gtx</Filter>
    </ClInclude>
    <ClInclude Include="..\..\..\Dependencies\ThirdParty\GLM\gtx\orthonormalize.hpp">
      <Filter>Header Files\TEMP_LOCATION_ThirdParty\GLM\gtx</Filter>
    </ClInclude>
    <ClInclude Include="..\..\..\Dependencies\ThirdParty\GLM\gtx\perpendicular.hpp">
      <Filter>Header Files\TEMP_LOCATION_ThirdParty\GLM\gtx</Filter>
    </ClInclude>
    <ClInclude Include="..\..\..\Dependencies\ThirdParty\GLM\gtx\polar_coordinates.hpp">
      <Filter>Header Files\TEMP_LOCATION_ThirdParty\GLM\gtx</Filter>
    </ClInclude>
    <ClInclude Include="..\..\..\Dependencies\ThirdParty\GLM\gtx\projection.hpp">
      <Filter>Header Files\TEMP_LOCATION_ThirdParty\GLM\gtx</Filter>
    </ClInclude>
    <ClInclude Include="..\..\..\Dependencies\ThirdParty\GLM\gtx\quaternion.hpp">
      <Filter>Header Files\TEMP_LOCATION_ThirdParty\GLM\gtx</Filter>
    </ClInclude>
    <ClInclude Include="..\..\..\Dependencies\ThirdParty\GLM\gtx\range.hpp">
      <Filter>Header Files\TEMP_LOCATION_ThirdParty\GLM\gtx</Filter>
    </ClInclude>
    <ClInclude Include="..\..\..\Dependencies\ThirdParty\GLM\gtx\raw_data.hpp">
      <Filter>Header Files\TEMP_LOCATION_ThirdParty\GLM\gtx</Filter>
    </ClInclude>
    <ClInclude Include="..\..\..\Dependencies\ThirdParty\GLM\gtx\rotate_normalized_axis.hpp">
      <Filter>Header Files\TEMP_LOCATION_ThirdParty\GLM\gtx</Filter>
    </ClInclude>
    <ClInclude Include="..\..\..\Dependencies\ThirdParty\GLM\gtx\rotate_vector.hpp">
      <Filter>Header Files\TEMP_LOCATION_ThirdParty\GLM\gtx</Filter>
    </ClInclude>
    <ClInclude Include="..\..\..\Dependencies\ThirdParty\GLM\gtx\scalar_multiplication.hpp">
      <Filter>Header Files\TEMP_LOCATION_ThirdParty\GLM\gtx</Filter>
    </ClInclude>
    <ClInclude Include="..\..\..\Dependencies\ThirdParty\GLM\gtx\scalar_relational.hpp">
      <Filter>Header Files\TEMP_LOCATION_ThirdParty\GLM\gtx</Filter>
    </ClInclude>
    <ClInclude Include="..\..\..\Dependencies\ThirdParty\GLM\gtx\simd_mat4.hpp">
      <Filter>Header Files\TEMP_LOCATION_ThirdParty\GLM\gtx</Filter>
    </ClInclude>
    <ClInclude Include="..\..\..\Dependencies\ThirdParty\GLM\gtx\simd_quat.hpp">
      <Filter>Header Files\TEMP_LOCATION_ThirdParty\GLM\gtx</Filter>
    </ClInclude>
    <ClInclude Include="..\..\..\Dependencies\ThirdParty\GLM\gtx\simd_vec4.hpp">
      <Filter>Header Files\TEMP_LOCATION_ThirdParty\GLM\gtx</Filter>
    </ClInclude>
    <ClInclude Include="..\..\..\Dependencies\ThirdParty\GLM\gtx\spline.hpp">
      <Filter>Header Files\TEMP_LOCATION_ThirdParty\GLM\gtx</Filter>
    </ClInclude>
    <ClInclude Include="..\..\..\Dependencies\ThirdParty\GLM\gtx\std_based_type.hpp">
      <Filter>Header Files\TEMP_LOCATION_ThirdParty\GLM\gtx</Filter>
    </ClInclude>
    <ClInclude Include="..\..\..\Dependencies\ThirdParty\GLM\gtx\string_cast.hpp">
      <Filter>Header Files\TEMP_LOCATION_ThirdParty\GLM\gtx</Filter>
    </ClInclude>
    <ClInclude Include="..\..\..\Dependencies\ThirdParty\GLM\gtx\transform.hpp">
      <Filter>Header Files\TEMP_LOCATION_ThirdParty\GLM\gtx</Filter>
    </ClInclude>
    <ClInclude Include="..\..\..\Dependencies\ThirdParty\GLM\gtc\packing.hpp">
      <Filter>Header Files\TEMP_LOCATION_ThirdParty\GLM\gtc</Filter>
    </ClInclude>
    <ClInclude Include="..\..\..\Dependencies\ThirdParty\GLM\gtc\quaternion.hpp">
      <Filter>Header Files\TEMP_LOCATION_ThirdParty\GLM\gtc</Filter>
    </ClInclude>
    <ClInclude Include="..\..\..\Dependencies\ThirdParty\GLM\gtc\random.hpp">
      <Filter>Header Files\TEMP_LOCATION_ThirdParty\GLM\gtc</Filter>
    </ClInclude>
    <ClInclude Include="..\..\..\Dependencies\ThirdParty\GLM\gtc\reciprocal.hpp">
      <Filter>Header Files\TEMP_LOCATION_ThirdParty\GLM\gtc</Filter>
    </ClInclude>
    <ClInclude Include="..\..\..\Dependencies\ThirdParty\GLM\gtc\round.hpp">
      <Filter>Header Files\TEMP_LOCATION_ThirdParty\GLM\gtc</Filter>
    </ClInclude>
    <ClInclude Include="..\..\..\Dependencies\ThirdParty\GLM\gtc\type_precision.hpp">
      <Filter>Header Files\TEMP_LOCATION_ThirdParty\GLM\gtc</Filter>
    </ClInclude>
    <ClInclude Include="..\..\..\Dependencies\ThirdParty\GLM\gtc\type_ptr.hpp">
      <Filter>Header Files\TEMP_LOCATION_ThirdParty\GLM\gtc</Filter>
    </ClInclude>
    <ClInclude Include="..\..\..\Dependencies\ThirdParty\GLM\gtc\ulp.hpp">
      <Filter>Header Files\TEMP_LOCATION_ThirdParty\GLM\gtc</Filter>
    </ClInclude>
    <ClInclude Include="..\..\..\Dependencies\ThirdParty\GLM\gtc\vec1.hpp">
      <Filter>Header Files\TEMP_LOCATION_ThirdParty\GLM\gtc</Filter>
    </ClInclude>
    <ClInclude Include="..\..\..\Dependencies\ThirdParty\GLM\gtc\bitfield.hpp">
      <Filter>Header Files\TEMP_LOCATION_ThirdParty\GLM\gtc</Filter>
    </ClInclude>
    <ClInclude Include="..\..\..\Dependencies\ThirdParty\GLM\gtc\color_space.hpp">
      <Filter>Header Files\TEMP_LOCATION_ThirdParty\GLM\gtc</Filter>
    </ClInclude>
    <ClInclude Include="..\..\..\Dependencies\ThirdParty\GLM\gtc\constants.hpp">
      <Filter>Header Files\TEMP_LOCATION_ThirdParty\GLM\gtc</Filter>
    </ClInclude>
    <ClInclude Include="..\..\..\Dependencies\ThirdParty\GLM\gtc\epsilon.hpp">
      <Filter>Header Files\TEMP_LOCATION_ThirdParty\GLM\gtc</Filter>
    </ClInclude>
    <ClInclude Include="..\..\..\Dependencies\ThirdParty\GLM\gtc\integer.hpp">
      <Filter>Header Files\TEMP_LOCATION_ThirdParty\GLM\gtc</Filter>
    </ClInclude>
    <ClInclude Include="..\..\..\Dependencies\ThirdParty\GLM\gtc\matrix_access.hpp">
      <Filter>Header Files\TEMP_LOCATION_ThirdParty\GLM\gtc</Filter>
    </ClInclude>
    <ClInclude Include="..\..\..\Dependencies\ThirdParty\GLM\gtc\matrix_integer.hpp">
      <Filter>Header Files\TEMP_LOCATION_ThirdParty\GLM\gtc</Filter>
    </ClInclude>
    <ClInclude Include="..\..\..\Dependencies\ThirdParty\GLM\gtc\matrix_inverse.hpp">
      <Filter>Header Files\TEMP_LOCATION_ThirdParty\GLM\gtc</Filter>
    </ClInclude>
    <ClInclude Include="..\..\..\Dependencies\ThirdParty\GLM\gtc\matrix_transform.hpp">
      <Filter>Header Files\TEMP_LOCATION_ThirdParty\GLM\gtc</Filter>
    </ClInclude>
    <ClInclude Include="..\..\..\Dependencies\ThirdParty\GLM\gtc\noise.hpp">
      <Filter>Header Files\TEMP_LOCATION_ThirdParty\GLM\gtc</Filter>
    </ClInclude>
    <ClInclude Include="..\..\..\Dependencies\ThirdParty\GLM\detail\type_vec1.hpp">
      <Filter>Header Files\TEMP_LOCATION_ThirdParty\GLM\detail</Filter>
    </ClInclude>
    <ClInclude Include="..\..\..\Dependencies\ThirdParty\GLM\detail\type_vec2.hpp">
      <Filter>Header Files\TEMP_LOCATION_ThirdParty\GLM\detail</Filter>
    </ClInclude>
    <ClInclude Include="..\..\..\Dependencies\ThirdParty\GLM\detail\type_vec3.hpp">
      <Filter>Header Files\TEMP_LOCATION_ThirdParty\GLM\detail</Filter>
    </ClInclude>
    <ClInclude Include="..\..\..\Dependencies\ThirdParty\GLM\detail\type_vec4.hpp">
      <Filter>Header Files\TEMP_LOCATION_ThirdParty\GLM\detail</Filter>
    </ClInclude>
    <ClInclude Include="..\..\..\Dependencies\ThirdParty\GLM\detail\_features.hpp">
      <Filter>Header Files\TEMP_LOCATION_ThirdParty\GLM\detail</Filter>
    </ClInclude>
    <ClInclude Include="..\..\..\Dependencies\ThirdParty\GLM\detail\_fixes.hpp">
      <Filter>Header Files\TEMP_LOCATION_ThirdParty\GLM\detail</Filter>
    </ClInclude>
    <ClInclude Include="..\..\..\Dependencies\ThirdParty\GLM\detail\_noise.hpp">
      <Filter>Header Files\TEMP_LOCATION_ThirdParty\GLM\detail</Filter>
    </ClInclude>
    <ClInclude Include="..\..\..\Dependencies\ThirdParty\GLM\detail\_swizzle.hpp">
      <Filter>Header Files\TEMP_LOCATION_ThirdParty\GLM\detail</Filter>
    </ClInclude>
    <ClInclude Include="..\..\..\Dependencies\ThirdParty\GLM\detail\_swizzle_func.hpp">
      <Filter>Header Files\TEMP_LOCATION_ThirdParty\GLM\detail</Filter>
    </ClInclude>
    <ClInclude Include="..\..\..\Dependencies\ThirdParty\GLM\detail\_vectorize.hpp">
      <Filter>Header Files\TEMP_LOCATION_ThirdParty\GLM\detail</Filter>
    </ClInclude>
    <ClInclude Include="..\..\..\Dependencies\ThirdParty\GLM\detail\func_common.hpp">
      <Filter>Header Files\TEMP_LOCATION_ThirdParty\GLM\detail</Filter>
    </ClInclude>
    <ClInclude Include="..\..\..\Dependencies\ThirdParty\GLM\detail\func_exponential.hpp">
      <Filter>Header Files\TEMP_LOCATION_ThirdParty\GLM\detail</Filter>
    </ClInclude>
    <ClInclude Include="..\..\..\Dependencies\ThirdParty\GLM\detail\func_geometric.hpp">
      <Filter>Header Files\TEMP_LOCATION_ThirdParty\GLM\detail</Filter>
    </ClInclude>
    <ClInclude Include="..\..\..\Dependencies\ThirdParty\GLM\detail\func_integer.hpp">
      <Filter>Header Files\TEMP_LOCATION_ThirdParty\GLM\detail</Filter>
    </ClInclude>
    <ClInclude Include="..\..\..\Dependencies\ThirdParty\GLM\detail\func_matrix.hpp">
      <Filter>Header Files\TEMP_LOCATION_ThirdParty\GLM\detail</Filter>
    </ClInclude>
    <ClInclude Include="..\..\..\Dependencies\ThirdParty\GLM\detail\func_packing.hpp">
      <Filter>Header Files\TEMP_LOCATION_ThirdParty\GLM\detail</Filter>
    </ClInclude>
    <ClInclude Include="..\..\..\Dependencies\ThirdParty\GLM\detail\func_trigonometric.hpp">
      <Filter>Header Files\TEMP_LOCATION_ThirdParty\GLM\detail</Filter>
    </ClInclude>
    <ClInclude Include="..\..\..\Dependencies\ThirdParty\GLM\detail\func_vector_relational.hpp">
      <Filter>Header Files\TEMP_LOCATION_ThirdParty\GLM\detail</Filter>
    </ClInclude>
    <ClInclude Include="..\..\..\Dependencies\ThirdParty\GLM\detail\intrinsic_common.hpp">
      <Filter>Header Files\TEMP_LOCATION_ThirdParty\GLM\detail</Filter>
    </ClInclude>
    <ClInclude Include="..\..\..\Dependencies\ThirdParty\GLM\detail\intrinsic_exponential.hpp">
      <Filter>Header Files\TEMP_LOCATION_ThirdParty\GLM\detail</Filter>
    </ClInclude>
    <ClInclude Include="..\..\..\Dependencies\ThirdParty\GLM\detail\intrinsic_geometric.hpp">
      <Filter>Header Files\TEMP_LOCATION_ThirdParty\GLM\detail</Filter>
    </ClInclude>
    <ClInclude Include="..\..\..\Dependencies\ThirdParty\GLM\detail\intrinsic_integer.hpp">
      <Filter>Header Files\TEMP_LOCATION_ThirdParty\GLM\detail</Filter>
    </ClInclude>
    <ClInclude Include="..\..\..\Dependencies\ThirdParty\GLM\detail\intrinsic_matrix.hpp">
      <Filter>Header Files\TEMP_LOCATION_ThirdParty\GLM\detail</Filter>
    </ClInclude>
    <ClInclude Include="..\..\..\Dependencies\ThirdParty\GLM\detail\intrinsic_trigonometric.hpp">
      <Filter>Header Files\TEMP_LOCATION_ThirdParty\GLM\detail</Filter>
    </ClInclude>
    <ClInclude Include="..\..\..\Dependencies\ThirdParty\GLM\detail\intrinsic_vector_relational.hpp">
      <Filter>Header Files\TEMP_LOCATION_ThirdParty\GLM\detail</Filter>
    </ClInclude>
    <ClInclude Include="..\..\..\Dependencies\ThirdParty\GLM\detail\precision.hpp">
      <Filter>Header Files\TEMP_LOCATION_ThirdParty\GLM\detail</Filter>
    </ClInclude>
    <ClInclude Include="..\..\..\Dependencies\ThirdParty\GLM\detail\setup.hpp">
      <Filter>Header Files\TEMP_LOCATION_ThirdParty\GLM\detail</Filter>
    </ClInclude>
    <ClInclude Include="..\..\..\Dependencies\ThirdParty\GLM\detail\type_float.hpp">
      <Filter>Header Files\TEMP_LOCATION_ThirdParty\GLM\detail</Filter>
    </ClInclude>
    <ClInclude Include="..\..\..\Dependencies\ThirdParty\GLM\detail\type_gentype.hpp">
      <Filter>Header Files\TEMP_LOCATION_ThirdParty\GLM\detail</Filter>
    </ClInclude>
    <ClInclude Include="..\..\..\Dependencies\ThirdParty\GLM\detail\type_half.hpp">
      <Filter>Header Files\TEMP_LOCATION_ThirdParty\GLM\detail</Filter>
    </ClInclude>
    <ClInclude Include="..\..\..\Dependencies\ThirdParty\GLM\detail\type_int.hpp">
      <Filter>Header Files\TEMP_LOCATION_ThirdParty\GLM\detail</Filter>
    </ClInclude>
    <ClInclude Include="..\..\..\Dependencies\ThirdParty\GLM\detail\type_mat.hpp">
      <Filter>Header Files\TEMP_LOCATION_ThirdParty\GLM\detail</Filter>
    </ClInclude>
    <ClInclude Include="..\..\..\Dependencies\ThirdParty\GLM\detail\type_mat2x2.hpp">
      <Filter>Header Files\TEMP_LOCATION_ThirdParty\GLM\detail</Filter>
    </ClInclude>
    <ClInclude Include="..\..\..\Dependencies\ThirdParty\GLM\detail\type_mat2x3.hpp">
      <Filter>Header Files\TEMP_LOCATION_ThirdParty\GLM\detail</Filter>
    </ClInclude>
    <ClInclude Include="..\..\..\Dependencies\ThirdParty\GLM\detail\type_mat2x4.hpp">
      <Filter>Header Files\TEMP_LOCATION_ThirdParty\GLM\detail</Filter>
    </ClInclude>
    <ClInclude Include="..\..\..\Dependencies\ThirdParty\GLM\detail\type_mat3x2.hpp">
      <Filter>Header Files\TEMP_LOCATION_ThirdParty\GLM\detail</Filter>
    </ClInclude>
    <ClInclude Include="..\..\..\Dependencies\ThirdParty\GLM\detail\type_mat3x3.hpp">
      <Filter>Header Files\TEMP_LOCATION_ThirdParty\GLM\detail</Filter>
    </ClInclude>
    <ClInclude Include="..\..\..\Dependencies\ThirdParty\GLM\detail\type_mat3x4.hpp">
      <Filter>Header Files\TEMP_LOCATION_ThirdParty\GLM\detail</Filter>
    </ClInclude>
    <ClInclude Include="..\..\..\Dependencies\ThirdParty\GLM\detail\type_mat4x2.hpp">
      <Filter>Header Files\TEMP_LOCATION_ThirdParty\GLM\detail</Filter>
    </ClInclude>
    <ClInclude Include="..\..\..\Dependencies\ThirdParty\GLM\detail\type_mat4x3.hpp">
      <Filter>Header Files\TEMP_LOCATION_ThirdParty\GLM\detail</Filter>
    </ClInclude>
    <ClInclude Include="..\..\..\Dependencies\ThirdParty\GLM\detail\type_mat4x4.hpp">
      <Filter>Header Files\TEMP_LOCATION_ThirdParty\GLM\detail</Filter>
    </ClInclude>
    <ClInclude Include="..\..\..\Dependencies\ThirdParty\GLM\detail\type_vec.hpp">
      <Filter>Header Files\TEMP_LOCATION_ThirdParty\GLM\detail</Filter>
    </ClInclude>
    <ClInclude Include="..\..\..\Dependencies\ThirdParty\freetype-gl\vec234.h">
      <Filter>Header Files\TEMP_LOCATION_ThirdParty\Freetype-GL</Filter>
    </ClInclude>
    <ClInclude Include="..\..\..\Dependencies\ThirdParty\freetype-gl\vector.h">
      <Filter>Header Files\TEMP_LOCATION_ThirdParty\Freetype-GL</Filter>
    </ClInclude>
    <ClInclude Include="..\..\..\Dependencies\ThirdParty\freetype-gl\vertex-attribute.h">
      <Filter>Header Files\TEMP_LOCATION_ThirdParty\Freetype-GL</Filter>
    </ClInclude>
    <ClInclude Include="..\..\..\Dependencies\ThirdParty\freetype-gl\vertex-buffer.h">
      <Filter>Header Files\TEMP_LOCATION_ThirdParty\Freetype-GL</Filter>
    </ClInclude>
    <ClInclude Include="..\..\..\Dependencies\ThirdParty\freetype-gl\edtaa3func.h">
      <Filter>Header Files\TEMP_LOCATION_ThirdParty\Freetype-GL</Filter>
    </ClInclude>
    <ClInclude Include="..\..\..\Dependencies\ThirdParty\freetype-gl\font-manager.h">
      <Filter>Header Files\TEMP_LOCATION_ThirdParty\Freetype-GL</Filter>
    </ClInclude>
    <ClInclude Include="..\..\..\Dependencies\ThirdParty\freetype-gl\freetype-gl.h">
      <Filter>Header Files\TEMP_LOCATION_ThirdParty\Freetype-GL</Filter>
    </ClInclude>
    <ClInclude Include="..\..\..\Dependencies\ThirdParty\freetype-gl\markup.h">
      <Filter>Header Files\TEMP_LOCATION_ThirdParty\Freetype-GL</Filter>
    </ClInclude>
    <ClInclude Include="..\..\..\Dependencies\ThirdParty\freetype-gl\mat4.h">
      <Filter>Header Files\TEMP_LOCATION_ThirdParty\Freetype-GL</Filter>
    </ClInclude>
    <ClInclude Include="..\..\..\Dependencies\ThirdParty\freetype-gl\opengl.h">
      <Filter>Header Files\TEMP_LOCATION_ThirdParty\Freetype-GL</Filter>
    </ClInclude>
    <ClInclude Include="..\..\..\Dependencies\ThirdParty\freetype-gl\platform.h">
      <Filter>Header Files\TEMP_LOCATION_ThirdParty\Freetype-GL</Filter>
    </ClInclude>
    <ClInclude Include="..\..\..\Dependencies\ThirdParty\freetype-gl\shader.h">
      <Filter>Header Files\TEMP_LOCATION_ThirdParty\Freetype-GL</Filter>
    </ClInclude>
    <ClInclude Include="..\..\..\Dependencies\ThirdParty\freetype-gl\text-buffer.h">
      <Filter>Header Files\TEMP_LOCATION_ThirdParty\Freetype-GL</Filter>
    </ClInclude>
    <ClInclude Include="..\..\..\Dependencies\ThirdParty\freetype-gl\texture-atlas.h">
      <Filter>Header Files\TEMP_LOCATION_ThirdParty\Freetype-GL</Filter>
    </ClInclude>
    <ClInclude Include="..\..\..\Dependencies\ThirdParty\freetype-gl\texture-font.h">
      <Filter>Header Files\TEMP_LOCATION_ThirdParty\Freetype-GL</Filter>
    </ClInclude>
    <ClInclude Include="..\..\..\Code\IMGF\Globals.h">
      <Filter>Header Files</Filter>
    </ClInclude>
    <ClInclude Include="resource.h">
      <Filter>Header Files</Filter>
    </ClInclude>
    <ClInclude Include="..\..\..\Code\IMGF\Event\EEvent.h">
      <Filter>Header Files\Event</Filter>
    </ClInclude>
    <ClInclude Include="..\..\..\Code\IMGF\nsimgf.h">
      <Filter>Header Files</Filter>
    </ClInclude>
    <ClInclude Include="..\..\..\Code\IMGF\IMGF.h">
      <Filter>Header Files</Filter>
    </ClInclude>
    <ClInclude Include="..\..\..\Code\IMGF\EntryViewer\EEntryViewerDisplayType.h">
      <Filter>Header Files\EntryViewer</Filter>
    </ClInclude>
    <ClInclude Include="..\..\..\Code\IMGF\Task\Tasks\Sort\ESortType.h">
      <Filter>Header Files\Task\Tasks\Sort</Filter>
    </ClInclude>
    <ClInclude Include="..\..\..\Code\IMGF\GUI\Input\EInputItem.h">
      <Filter>Header Files\GUI\Input</Filter>
    </ClInclude>
    <ClInclude Include="..\..\..\Code\IMGF\DragDrop\DragDrop.h">
      <Filter>Header Files\DragDrop</Filter>
    </ClInclude>
    <ClInclude Include="..\..\..\Code\IMGF\DragDrop\DragListCtrl.h">
      <Filter>Header Files\DragDrop</Filter>
    </ClInclude>
    <ClInclude Include="..\..\..\Code\IMGF\DragDrop\DropSource.h">
      <Filter>Header Files\DragDrop</Filter>
    </ClInclude>
    <ClInclude Include="..\..\..\Code\IMGF\DragDrop\DropTarget.h">
      <Filter>Header Files\DragDrop</Filter>
    </ClInclude>
    <ClInclude Include="..\..\..\Code\IMGF\EntryViewer\CollisionViewer.h">
      <Filter>Header Files\EntryViewer</Filter>
    </ClInclude>
    <ClInclude Include="..\..\..\Code\IMGF\EntryViewer\EntryViewer.h">
      <Filter>Header Files\EntryViewer</Filter>
    </ClInclude>
    <ClInclude Include="..\..\..\Code\IMGF\EntryViewer\EntryViewerManager.h">
      <Filter>Header Files\EntryViewer</Filter>
    </ClInclude>
    <ClInclude Include="..\..\..\Code\IMGF\EntryViewer\TextureViewer.h">
      <Filter>Header Files\EntryViewer</Filter>
    </ClInclude>
    <ClInclude Include="..\..\..\Code\IMGF\EntryViewer\TextureViewerTextureData.h">
      <Filter>Header Files\EntryViewer</Filter>
    </ClInclude>
    <ClInclude Include="..\..\..\Code\IMGF\Format\DB\DBEntry.h">
      <Filter>Header Files\Format\DB</Filter>
    </ClInclude>
    <ClInclude Include="..\..\..\Code\IMGF\Format\DB\DBFormat.h">
      <Filter>Header Files\Format\DB</Filter>
    </ClInclude>
    <ClInclude Include="..\..\..\Code\IMGF\Format\DB\DBManager.h">
      <Filter>Header Files\Format\DB</Filter>
    </ClInclude>
    <ClInclude Include="..\..\..\Code\IMGF\Format\LST\LSTEntry.h">
      <Filter>Header Files\Format\LST</Filter>
    </ClInclude>
    <ClInclude Include="..\..\..\Code\IMGF\Format\LST\LSTFormat.h">
      <Filter>Header Files\Format\LST</Filter>
    </ClInclude>
    <ClInclude Include="..\..\..\Code\IMGF\Format\LST\LSTManager.h">
      <Filter>Header Files\Format\LST</Filter>
    </ClInclude>
    <ClInclude Include="..\..\..\Code\IMGF\Format\LST\LSTSection.h">
      <Filter>Header Files\Format\LST</Filter>
    </ClInclude>
    <ClInclude Include="..\..\..\Code\IMGF\GUI\Input\InputManager.h">
      <Filter>Header Files\GUI\Input</Filter>
    </ClInclude>
    <ClInclude Include="..\..\..\Code\IMGF\GUI\Window\WindowManager.h">
      <Filter>Header Files\GUI\Window</Filter>
    </ClInclude>
    <ClInclude Include="..\..\..\Code\IMGF\Language\Language.h">
      <Filter>Header Files\Language</Filter>
    </ClInclude>
    <ClInclude Include="..\..\..\Code\IMGF\Language\LanguageManager.h">
      <Filter>Header Files\Language</Filter>
    </ClInclude>
    <ClInclude Include="..\..\..\Code\IMGF\Program\BuildMeta.h">
      <Filter>Header Files\Program</Filter>
    </ClInclude>
    <ClInclude Include="..\..\..\Code\IMGF\Settings\SettingsManager.h">
      <Filter>Header Files\Settings</Filter>
    </ClInclude>
    <ClInclude Include="..\..\..\Code\IMGF\Static\AppDataPath.h">
      <Filter>Header Files\Static</Filter>
    </ClInclude>
    <ClInclude Include="..\..\..\Code\IMGF\Task\Tasks\Dump\DumpManager.h">
      <Filter>Header Files\Task\Tasks\Dump</Filter>
    </ClInclude>
    <ClInclude Include="..\..\..\Code\IMGF\Task\Tasks\Filter\FilterOptions.h">
      <Filter>Header Files\Task\Tasks\Filter</Filter>
    </ClInclude>
    <ClInclude Include="..\..\..\Code\IMGF\Task\Tasks\Find\SearchEntry.h">
      <Filter>Header Files\Task\Tasks\Find</Filter>
    </ClInclude>
    <ClInclude Include="..\..\..\Code\IMGF\Task\Tasks\LST\LSTProcessingManager.h">
      <Filter>Header Files\Task\Tasks\LST</Filter>
    </ClInclude>
    <ClInclude Include="..\..\..\Code\IMGF\Task\Tasks\RecentlyOpen\RecentlyOpenEntry.h">
      <Filter>Header Files\Task\Tasks\RecentlyOpen</Filter>
    </ClInclude>
    <ClInclude Include="..\..\..\Code\IMGF\Task\Tasks\RecentlyOpen\RecentlyOpenManager.h">
      <Filter>Header Files\Task\Tasks\RecentlyOpen</Filter>
    </ClInclude>
    <ClInclude Include="..\..\..\Code\IMGF\Task\Tasks\Renamer\RenamedIMGEntry.h">
      <Filter>Header Files\Task\Tasks\Renamer</Filter>
    </ClInclude>
    <ClInclude Include="..\..\..\Code\IMGF\Task\Tasks\Session\Session.h">
      <Filter>Header Files\Task\Tasks\Session</Filter>
    </ClInclude>
    <ClInclude Include="..\..\..\Code\IMGF\Task\Tasks\Session\SessionManager.h">
      <Filter>Header Files\Task\Tasks\Session</Filter>
    </ClInclude>
    <ClInclude Include="..\..\..\Code\IMGF\Task\Tasks\Sort\SortManager.h">
      <Filter>Header Files\Task\Tasks\Sort</Filter>
    </ClInclude>
    <ClInclude Include="..\..\..\Code\IMGF\Task\Tasks\Sort\SortMenuItem.h">
      <Filter>Header Files\Task\Tasks\Sort</Filter>
    </ClInclude>
    <ClInclude Include="..\..\..\Code\IMGF\Task\Tasks\Sort\SortMenuItems.h">
      <Filter>Header Files\Task\Tasks\Sort</Filter>
    </ClInclude>
    <ClInclude Include="..\..\..\Code\IMGF\Task\Tasks\Sort\SortPriorities.h">
      <Filter>Header Files\Task\Tasks\Sort</Filter>
    </ClInclude>
    <ClInclude Include="..\..\..\Code\IMGF\Task\Tasks\Sort\SortPriority.h">
      <Filter>Header Files\Task\Tasks\Sort</Filter>
    </ClInclude>
    <ClInclude Include="..\..\..\Code\IMGF\Task\Tasks\Sort\SortType.h">
      <Filter>Header Files\Task\Tasks\Sort</Filter>
    </ClInclude>
    <ClInclude Include="..\..\..\Code\IMGF\Task\Tasks\Sort\SortTypes.h">
      <Filter>Header Files\Task\Tasks\Sort</Filter>
    </ClInclude>
    <ClInclude Include="..\..\..\Code\IMGF\Updater\UpdateManager.h">
      <Filter>Header Files\Updater</Filter>
    </ClInclude>
    <ClInclude Include="..\..\..\Code\IMGF\Updater\UpdateConnectionManager.h">
      <Filter>Header Files\Updater</Filter>
    </ClInclude>
    <ClInclude Include="..\..\..\Code\IMGF\Updater\UpdateConnection.h">
      <Filter>Header Files\Updater</Filter>
    </ClInclude>
    <ClInclude Include="..\..\..\Code\IMGF\Task\Base\ETask.h">
      <Filter>Header Files\Task\Base</Filter>
    </ClInclude>
    <ClInclude Include="..\..\..\Code\IMGF\Task\Duration\TaskDurationManager.h">
      <Filter>Header Files\Task\Duration</Filter>
    </ClInclude>
    <ClInclude Include="..\..\..\Code\IMGF\Task\Repeat\LastUsedValueManager.h">
      <Filter>Header Files\Task\Repeat</Filter>
    </ClInclude>
    <ClInclude Include="..\..\..\Code\IMGF\Task\TaskManager.h">
      <Filter>Header Files\Task</Filter>
    </ClInclude>
    <ClInclude Include="..\..\..\Code\IMGF\Task\Tasks\Tasks.h">
      <Filter>Header Files\Task\Tasks</Filter>
    </ClInclude>
    <ClInclude Include="..\..\..\Code\IMGF\GUI\Layer\Layers\ELayer.h">
      <Filter>Header Files\GUI\Layer\Layers</Filter>
    </ClInclude>
    <ClInclude Include="..\..\..\Code\IMGF\GUI\Layer\Layers\MainLayer\MainLayer.h">
      <Filter>Header Files\GUI\Layer\Layers\MainLayer</Filter>
    </ClInclude>
    <ClInclude Include="..\..\..\Code\IMGF\GUI\Layer\Layers\MainMenu\EMainMenuType.h">
      <Filter>Header Files\GUI\Layer\Layers\MainMenu</Filter>
    </ClInclude>
    <ClInclude Include="..\..\..\Code\IMGF\GUI\Window\Windows\MainWindow\MainWindow.h">
      <Filter>Header Files\GUI\Window\Windows\MainWindow</Filter>
    </ClInclude>
    <ClInclude Include="..\..\..\Code\IMGF\GUI\Editor\Base\Tab\EditorTab.h">
      <Filter>Header Files\GUI\Editor\Base\Tab</Filter>
    </ClInclude>
    <ClInclude Include="..\..\..\Code\IMGF\GUI\Editor\Base\Editor.h">
      <Filter>Header Files\GUI\Editor\Base</Filter>
    </ClInclude>
    <ClInclude Include="..\..\..\Code\IMGF\GUI\Editor\Editors\TextureEditor.h">
      <Filter>Header Files\GUI\Editor\Editors</Filter>
    </ClInclude>
    <ClInclude Include="..\..\..\Code\IMGF\GUI\Editor\Editors\EEditorItem.h">
      <Filter>Header Files\GUI\Editor\Editors</Filter>
    </ClInclude>
    <ClInclude Include="..\..\..\Code\IMGF\GUI\Editor\Editors\IMGEditor.h">
      <Filter>Header Files\GUI\Editor\Editors</Filter>
    </ClInclude>
    <ClInclude Include="..\..\..\Code\IMGF\GUI\Editor\Editors\Tab\IMGEditorTab.h">
      <Filter>Header Files\GUI\Editor\Editors\Tab</Filter>
    </ClInclude>
    <ClInclude Include="..\..\..\Code\IMGF\Program\BuildVersion.h">
      <Filter>Header Files\Program</Filter>
    </ClInclude>
  </ItemGroup>
  <ItemGroup>
    <ResourceCompile Include="IMGF.rc">
      <Filter>Resource Files</Filter>
    </ResourceCompile>
  </ItemGroup>
  <ItemGroup>
    <Image Include="..\..\..\Resources\Icon.ico">
      <Filter>Resource Files</Filter>
    </Image>
  </ItemGroup>
</Project>